// !$*UTF8*$!
{
	archiveVersion = 1;
	classes = {
	};
	objectVersion = 46;
	objects = {

/* Begin PBXBuildFile section */
		13DB29251E76350D00B5B786 /* AppDelegate.swift in Sources */ = {isa = PBXBuildFile; fileRef = 13DB29241E76350D00B5B786 /* AppDelegate.swift */; };
		13DB29271E76350D00B5B786 /* ViewController.swift in Sources */ = {isa = PBXBuildFile; fileRef = 13DB29261E76350D00B5B786 /* ViewController.swift */; };
		13DB292A1E76350D00B5B786 /* Main.storyboard in Resources */ = {isa = PBXBuildFile; fileRef = 13DB29281E76350D00B5B786 /* Main.storyboard */; };
		13DB292C1E76350D00B5B786 /* Assets.xcassets in Resources */ = {isa = PBXBuildFile; fileRef = 13DB292B1E76350D00B5B786 /* Assets.xcassets */; };
		13DB292F1E76350D00B5B786 /* LaunchScreen.storyboard in Resources */ = {isa = PBXBuildFile; fileRef = 13DB292D1E76350D00B5B786 /* LaunchScreen.storyboard */; };
		13DB29521E76364C00B5B786 /* Bolts.framework in Frameworks */ = {isa = PBXBuildFile; fileRef = 13DB29391E76364C00B5B786 /* Bolts.framework */; };
		13DB29531E76364C00B5B786 /* Bolts.framework in Embed Frameworks */ = {isa = PBXBuildFile; fileRef = 13DB29391E76364C00B5B786 /* Bolts.framework */; settings = {ATTRIBUTES = (CodeSignOnCopy, RemoveHeadersOnCopy, ); }; };
		13DB29541E76364C00B5B786 /* CleanroomASL.framework in Frameworks */ = {isa = PBXBuildFile; fileRef = 13DB293A1E76364C00B5B786 /* CleanroomASL.framework */; };
		13DB29551E76364C00B5B786 /* CleanroomASL.framework in Embed Frameworks */ = {isa = PBXBuildFile; fileRef = 13DB293A1E76364C00B5B786 /* CleanroomASL.framework */; settings = {ATTRIBUTES = (CodeSignOnCopy, RemoveHeadersOnCopy, ); }; };
		13DB29561E76364C00B5B786 /* CleanroomLogger.framework in Frameworks */ = {isa = PBXBuildFile; fileRef = 13DB293B1E76364C00B5B786 /* CleanroomLogger.framework */; };
		13DB29571E76364C00B5B786 /* CleanroomLogger.framework in Embed Frameworks */ = {isa = PBXBuildFile; fileRef = 13DB293B1E76364C00B5B786 /* CleanroomLogger.framework */; settings = {ATTRIBUTES = (CodeSignOnCopy, RemoveHeadersOnCopy, ); }; };
		13DB29581E76364C00B5B786 /* CocoaAsyncSocket.framework in Frameworks */ = {isa = PBXBuildFile; fileRef = 13DB293C1E76364C00B5B786 /* CocoaAsyncSocket.framework */; };
		13DB29591E76364C00B5B786 /* CocoaAsyncSocket.framework in Embed Frameworks */ = {isa = PBXBuildFile; fileRef = 13DB293C1E76364C00B5B786 /* CocoaAsyncSocket.framework */; settings = {ATTRIBUTES = (CodeSignOnCopy, RemoveHeadersOnCopy, ); }; };
		13DB295A1E76364C00B5B786 /* Crypto.framework in Frameworks */ = {isa = PBXBuildFile; fileRef = 13DB293D1E76364C00B5B786 /* Crypto.framework */; };
		13DB295B1E76364C00B5B786 /* Crypto.framework in Embed Frameworks */ = {isa = PBXBuildFile; fileRef = 13DB293D1E76364C00B5B786 /* Crypto.framework */; settings = {ATTRIBUTES = (CodeSignOnCopy, RemoveHeadersOnCopy, ); }; };
		13DB295C1E76364C00B5B786 /* DZNEmptyDataSet.framework in Frameworks */ = {isa = PBXBuildFile; fileRef = 13DB293E1E76364C00B5B786 /* DZNEmptyDataSet.framework */; };
		13DB295D1E76364C00B5B786 /* DZNEmptyDataSet.framework in Embed Frameworks */ = {isa = PBXBuildFile; fileRef = 13DB293E1E76364C00B5B786 /* DZNEmptyDataSet.framework */; settings = {ATTRIBUTES = (CodeSignOnCopy, RemoveHeadersOnCopy, ); }; };
		13DB295E1E76364C00B5B786 /* FacebookCore.framework in Frameworks */ = {isa = PBXBuildFile; fileRef = 13DB293F1E76364C00B5B786 /* FacebookCore.framework */; };
		13DB295F1E76364C00B5B786 /* FacebookCore.framework in Embed Frameworks */ = {isa = PBXBuildFile; fileRef = 13DB293F1E76364C00B5B786 /* FacebookCore.framework */; settings = {ATTRIBUTES = (CodeSignOnCopy, RemoveHeadersOnCopy, ); }; };
		13DB29601E76364C00B5B786 /* FacebookLogin.framework in Frameworks */ = {isa = PBXBuildFile; fileRef = 13DB29401E76364C00B5B786 /* FacebookLogin.framework */; };
		13DB29611E76364C00B5B786 /* FacebookLogin.framework in Embed Frameworks */ = {isa = PBXBuildFile; fileRef = 13DB29401E76364C00B5B786 /* FacebookLogin.framework */; settings = {ATTRIBUTES = (CodeSignOnCopy, RemoveHeadersOnCopy, ); }; };
		13DB29621E76364C00B5B786 /* FacebookShare.framework in Frameworks */ = {isa = PBXBuildFile; fileRef = 13DB29411E76364C00B5B786 /* FacebookShare.framework */; };
		13DB29631E76364C00B5B786 /* FacebookShare.framework in Embed Frameworks */ = {isa = PBXBuildFile; fileRef = 13DB29411E76364C00B5B786 /* FacebookShare.framework */; settings = {ATTRIBUTES = (CodeSignOnCopy, RemoveHeadersOnCopy, ); }; };
		13DB29641E76364C00B5B786 /* FBSDKCoreKit.framework in Frameworks */ = {isa = PBXBuildFile; fileRef = 13DB29421E76364C00B5B786 /* FBSDKCoreKit.framework */; };
		13DB29651E76364C00B5B786 /* FBSDKCoreKit.framework in Embed Frameworks */ = {isa = PBXBuildFile; fileRef = 13DB29421E76364C00B5B786 /* FBSDKCoreKit.framework */; settings = {ATTRIBUTES = (CodeSignOnCopy, RemoveHeadersOnCopy, ); }; };
		13DB29661E76364C00B5B786 /* FBSDKLoginKit.framework in Frameworks */ = {isa = PBXBuildFile; fileRef = 13DB29431E76364C00B5B786 /* FBSDKLoginKit.framework */; };
		13DB29671E76364C00B5B786 /* FBSDKLoginKit.framework in Embed Frameworks */ = {isa = PBXBuildFile; fileRef = 13DB29431E76364C00B5B786 /* FBSDKLoginKit.framework */; settings = {ATTRIBUTES = (CodeSignOnCopy, RemoveHeadersOnCopy, ); }; };
		13DB29681E76364C00B5B786 /* FBSDKShareKit.framework in Frameworks */ = {isa = PBXBuildFile; fileRef = 13DB29441E76364C00B5B786 /* FBSDKShareKit.framework */; };
		13DB29691E76364C00B5B786 /* FBSDKShareKit.framework in Embed Frameworks */ = {isa = PBXBuildFile; fileRef = 13DB29441E76364C00B5B786 /* FBSDKShareKit.framework */; settings = {ATTRIBUTES = (CodeSignOnCopy, RemoveHeadersOnCopy, ); }; };
		13DB296A1E76364C00B5B786 /* JGProgressHUD.framework in Frameworks */ = {isa = PBXBuildFile; fileRef = 13DB29451E76364C00B5B786 /* JGProgressHUD.framework */; };
		13DB296B1E76364C00B5B786 /* JGProgressHUD.framework in Embed Frameworks */ = {isa = PBXBuildFile; fileRef = 13DB29451E76364C00B5B786 /* JGProgressHUD.framework */; settings = {ATTRIBUTES = (CodeSignOnCopy, RemoveHeadersOnCopy, ); }; };
		13DB296C1E76364C00B5B786 /* PagingMenuController.framework in Frameworks */ = {isa = PBXBuildFile; fileRef = 13DB29461E76364C00B5B786 /* PagingMenuController.framework */; };
		13DB296D1E76364C00B5B786 /* PagingMenuController.framework in Embed Frameworks */ = {isa = PBXBuildFile; fileRef = 13DB29461E76364C00B5B786 /* PagingMenuController.framework */; settings = {ATTRIBUTES = (CodeSignOnCopy, RemoveHeadersOnCopy, ); }; };
		13DB296E1E76364C00B5B786 /* PHExtensions.framework in Frameworks */ = {isa = PBXBuildFile; fileRef = 13DB29471E76364C00B5B786 /* PHExtensions.framework */; };
		13DB296F1E76364C00B5B786 /* PHExtensions.framework in Embed Frameworks */ = {isa = PBXBuildFile; fileRef = 13DB29471E76364C00B5B786 /* PHExtensions.framework */; settings = {ATTRIBUTES = (CodeSignOnCopy, RemoveHeadersOnCopy, ); }; };
		13DB29701E76364C00B5B786 /* Reachability.framework in Frameworks */ = {isa = PBXBuildFile; fileRef = 13DB29481E76364C00B5B786 /* Reachability.framework */; };
		13DB29711E76364C00B5B786 /* Reachability.framework in Embed Frameworks */ = {isa = PBXBuildFile; fileRef = 13DB29481E76364C00B5B786 /* Reachability.framework */; settings = {ATTRIBUTES = (CodeSignOnCopy, RemoveHeadersOnCopy, ); }; };
		13DB29721E76364C00B5B786 /* Realm.framework in Frameworks */ = {isa = PBXBuildFile; fileRef = 13DB29491E76364C00B5B786 /* Realm.framework */; };
		13DB29731E76364C00B5B786 /* Realm.framework in Embed Frameworks */ = {isa = PBXBuildFile; fileRef = 13DB29491E76364C00B5B786 /* Realm.framework */; settings = {ATTRIBUTES = (CodeSignOnCopy, RemoveHeadersOnCopy, ); }; };
		13DB29741E76364C00B5B786 /* RealmSwift.framework in Frameworks */ = {isa = PBXBuildFile; fileRef = 13DB294A1E76364C00B5B786 /* RealmSwift.framework */; };
		13DB29751E76364C00B5B786 /* RealmSwift.framework in Embed Frameworks */ = {isa = PBXBuildFile; fileRef = 13DB294A1E76364C00B5B786 /* RealmSwift.framework */; settings = {ATTRIBUTES = (CodeSignOnCopy, RemoveHeadersOnCopy, ); }; };
		13DB29761E76364C00B5B786 /* RxCocoa.framework in Frameworks */ = {isa = PBXBuildFile; fileRef = 13DB294B1E76364C00B5B786 /* RxCocoa.framework */; };
		13DB29771E76364C00B5B786 /* RxCocoa.framework in Embed Frameworks */ = {isa = PBXBuildFile; fileRef = 13DB294B1E76364C00B5B786 /* RxCocoa.framework */; settings = {ATTRIBUTES = (CodeSignOnCopy, RemoveHeadersOnCopy, ); }; };
		13DB29781E76364C00B5B786 /* RxExtensions.framework in Frameworks */ = {isa = PBXBuildFile; fileRef = 13DB294C1E76364C00B5B786 /* RxExtensions.framework */; };
		13DB29791E76364C00B5B786 /* RxExtensions.framework in Embed Frameworks */ = {isa = PBXBuildFile; fileRef = 13DB294C1E76364C00B5B786 /* RxExtensions.framework */; settings = {ATTRIBUTES = (CodeSignOnCopy, RemoveHeadersOnCopy, ); }; };
		13DB297A1E76364C00B5B786 /* RxSwift.framework in Frameworks */ = {isa = PBXBuildFile; fileRef = 13DB294D1E76364C00B5B786 /* RxSwift.framework */; };
		13DB297B1E76364C00B5B786 /* RxSwift.framework in Embed Frameworks */ = {isa = PBXBuildFile; fileRef = 13DB294D1E76364C00B5B786 /* RxSwift.framework */; settings = {ATTRIBUTES = (CodeSignOnCopy, RemoveHeadersOnCopy, ); }; };
		13DB297C1E76364C00B5B786 /* SnapKit.framework in Frameworks */ = {isa = PBXBuildFile; fileRef = 13DB294E1E76364C00B5B786 /* SnapKit.framework */; };
		13DB297D1E76364C00B5B786 /* SnapKit.framework in Embed Frameworks */ = {isa = PBXBuildFile; fileRef = 13DB294E1E76364C00B5B786 /* SnapKit.framework */; settings = {ATTRIBUTES = (CodeSignOnCopy, RemoveHeadersOnCopy, ); }; };
		13DB297E1E76364C00B5B786 /* SwiftyUserDefaults.framework in Frameworks */ = {isa = PBXBuildFile; fileRef = 13DB294F1E76364C00B5B786 /* SwiftyUserDefaults.framework */; };
		13DB297F1E76364C00B5B786 /* SwiftyUserDefaults.framework in Embed Frameworks */ = {isa = PBXBuildFile; fileRef = 13DB294F1E76364C00B5B786 /* SwiftyUserDefaults.framework */; settings = {ATTRIBUTES = (CodeSignOnCopy, RemoveHeadersOnCopy, ); }; };
		13DB29801E76364C00B5B786 /* Unbox.framework in Frameworks */ = {isa = PBXBuildFile; fileRef = 13DB29501E76364C00B5B786 /* Unbox.framework */; };
		13DB29811E76364C00B5B786 /* Unbox.framework in Embed Frameworks */ = {isa = PBXBuildFile; fileRef = 13DB29501E76364C00B5B786 /* Unbox.framework */; settings = {ATTRIBUTES = (CodeSignOnCopy, RemoveHeadersOnCopy, ); }; };
		13DB29821E76364C00B5B786 /* Wrap.framework in Frameworks */ = {isa = PBXBuildFile; fileRef = 13DB29511E76364C00B5B786 /* Wrap.framework */; };
		13DB29831E76364C00B5B786 /* Wrap.framework in Embed Frameworks */ = {isa = PBXBuildFile; fileRef = 13DB29511E76364C00B5B786 /* Wrap.framework */; settings = {ATTRIBUTES = (CodeSignOnCopy, RemoveHeadersOnCopy, ); }; };
		13DB29DA1E76367600B5B786 /* DataManager.swift in Sources */ = {isa = PBXBuildFile; fileRef = 13DB29881E76367600B5B786 /* DataManager.swift */; };
		13DB29DB1E76367600B5B786 /* KYDrawerController.swift in Sources */ = {isa = PBXBuildFile; fileRef = 13DB298A1E76367600B5B786 /* KYDrawerController.swift */; };
		13DB29DC1E76367600B5B786 /* KYEmbedDrawerControllerSegue.swift in Sources */ = {isa = PBXBuildFile; fileRef = 13DB298B1E76367600B5B786 /* KYEmbedDrawerControllerSegue.swift */; };
		13DB29DD1E76367600B5B786 /* KYEmbedMainControllerSegue.swift in Sources */ = {isa = PBXBuildFile; fileRef = 13DB298C1E76367600B5B786 /* KYEmbedMainControllerSegue.swift */; };
		13DB29DE1E76367600B5B786 /* GeneralViewController.swift in Sources */ = {isa = PBXBuildFile; fileRef = 13DB298E1E76367600B5B786 /* GeneralViewController.swift */; };
		13DB29DF1E76367600B5B786 /* ComunityViewController.swift in Sources */ = {isa = PBXBuildFile; fileRef = 13DB29911E76367600B5B786 /* ComunityViewController.swift */; };
		13DB29E01E76367600B5B786 /* ArticleDetailViewController.swift in Sources */ = {isa = PBXBuildFile; fileRef = 13DB29931E76367600B5B786 /* ArticleDetailViewController.swift */; };
		13DB29E11E76367600B5B786 /* ArticleViewController.swift in Sources */ = {isa = PBXBuildFile; fileRef = 13DB29941E76367600B5B786 /* ArticleViewController.swift */; };
		13DB29E21E76367600B5B786 /* NewsViewController.swift in Sources */ = {isa = PBXBuildFile; fileRef = 13DB29951E76367600B5B786 /* NewsViewController.swift */; };
		13DB29E31E76367600B5B786 /* VideoViewController.swift in Sources */ = {isa = PBXBuildFile; fileRef = 13DB29961E76367600B5B786 /* VideoViewController.swift */; };
		13DB29E41E76367600B5B786 /* ProfileViewController+Delegate.swift in Sources */ = {isa = PBXBuildFile; fileRef = 13DB29981E76367600B5B786 /* ProfileViewController+Delegate.swift */; };
		13DB29E51E76367600B5B786 /* ProfileViewController+Setup.swift in Sources */ = {isa = PBXBuildFile; fileRef = 13DB29991E76367600B5B786 /* ProfileViewController+Setup.swift */; };
		13DB29E61E76367600B5B786 /* ProfileViewController.swift in Sources */ = {isa = PBXBuildFile; fileRef = 13DB299A1E76367600B5B786 /* ProfileViewController.swift */; };
		13DB29E71E76367600B5B786 /* ResultViewController.swift in Sources */ = {isa = PBXBuildFile; fileRef = 13DB299C1E76367600B5B786 /* ResultViewController.swift */; };
		13DB29E81E76367600B5B786 /* ScheduleViewController.swift in Sources */ = {isa = PBXBuildFile; fileRef = 13DB299E1E76367600B5B786 /* ScheduleViewController.swift */; };
		13DB29E91E76367600B5B786 /* Article.swift in Sources */ = {isa = PBXBuildFile; fileRef = 13DB29A01E76367600B5B786 /* Article.swift */; };
		13DB29EA1E76367600B5B786 /* RealmArticle.swift in Sources */ = {isa = PBXBuildFile; fileRef = 13DB29A11E76367600B5B786 /* RealmArticle.swift */; };
		13DB29EB1E76367600B5B786 /* Segmented.swift in Sources */ = {isa = PBXBuildFile; fileRef = 13DB29A21E76367600B5B786 /* Segmented.swift */; };
		13DB29EC1E76367600B5B786 /* Team.swift in Sources */ = {isa = PBXBuildFile; fileRef = 13DB29A31E76367600B5B786 /* Team.swift */; };
		13DB29ED1E76367600B5B786 /* HTTPGetArticle.swift in Sources */ = {isa = PBXBuildFile; fileRef = 13DB29A71E76367600B5B786 /* HTTPGetArticle.swift */; };
		13DB29EE1E76367600B5B786 /* HTTPAPI.swift in Sources */ = {isa = PBXBuildFile; fileRef = 13DB29A81E76367600B5B786 /* HTTPAPI.swift */; };
		13DB29EF1E76367600B5B786 /* HTTPManager.swift in Sources */ = {isa = PBXBuildFile; fileRef = 13DB29A91E76367600B5B786 /* HTTPManager.swift */; };
		13DB29F01E76367600B5B786 /* HTTPProtocol.swift in Sources */ = {isa = PBXBuildFile; fileRef = 13DB29AA1E76367600B5B786 /* HTTPProtocol.swift */; };
		13DB29F11E76367600B5B786 /* Error.swift in Sources */ = {isa = PBXBuildFile; fileRef = 13DB29AC1E76367600B5B786 /* Error.swift */; };
		13DB29F21E76367600B5B786 /* Result.swift in Sources */ = {isa = PBXBuildFile; fileRef = 13DB29AD1E76367600B5B786 /* Result.swift */; };
		13DB29F31E76367600B5B786 /* RxExtension.swift in Sources */ = {isa = PBXBuildFile; fileRef = 13DB29AE1E76367600B5B786 /* RxExtension.swift */; };
		13DB29F41E76367600B5B786 /* AppData.swift in Sources */ = {isa = PBXBuildFile; fileRef = 13DB29B01E76367600B5B786 /* AppData.swift */; };
		13DB29F51E76367600B5B786 /* Color.swift in Sources */ = {isa = PBXBuildFile; fileRef = 13DB29B11E76367600B5B786 /* Color.swift */; };
		13DB29F61E76367600B5B786 /* Constants.swift in Sources */ = {isa = PBXBuildFile; fileRef = 13DB29B21E76367600B5B786 /* Constants.swift */; };
		13DB29F71E76367600B5B786 /* DatabaseSupport.swift in Sources */ = {isa = PBXBuildFile; fileRef = 13DB29B31E76367600B5B786 /* DatabaseSupport.swift */; };
		13DB29F81E76367600B5B786 /* Extensions.swift in Sources */ = {isa = PBXBuildFile; fileRef = 13DB29B41E76367600B5B786 /* Extensions.swift */; };
		13DB29F91E76367600B5B786 /* HUD.swift in Sources */ = {isa = PBXBuildFile; fileRef = 13DB29B51E76367600B5B786 /* HUD.swift */; };
		13DB29FA1E76367600B5B786 /* Image.swift in Sources */ = {isa = PBXBuildFile; fileRef = 13DB29B61E76367600B5B786 /* Image.swift */; };
		13DB29FB1E76367600B5B786 /* LoggerSupport.swift in Sources */ = {isa = PBXBuildFile; fileRef = 13DB29B71E76367600B5B786 /* LoggerSupport.swift */; };
		13DB29FC1E76367600B5B786 /* ReachabilitySupport.swift in Sources */ = {isa = PBXBuildFile; fileRef = 13DB29B81E76367600B5B786 /* ReachabilitySupport.swift */; };
		13DB29FD1E76367600B5B786 /* Utility.swift in Sources */ = {isa = PBXBuildFile; fileRef = 13DB29B91E76367600B5B786 /* Utility.swift */; };
		13DB29FE1E76367600B5B786 /* Lato-BlackItalic.ttf in Resources */ = {isa = PBXBuildFile; fileRef = 13DB29BC1E76367600B5B786 /* Lato-BlackItalic.ttf */; };
		13DB29FF1E76367600B5B786 /* Lato-Bold.ttf in Resources */ = {isa = PBXBuildFile; fileRef = 13DB29BD1E76367600B5B786 /* Lato-Bold.ttf */; };
		13DB2A001E76367600B5B786 /* Lato-Italic.ttf in Resources */ = {isa = PBXBuildFile; fileRef = 13DB29BE1E76367600B5B786 /* Lato-Italic.ttf */; };
		13DB2A011E76367600B5B786 /* Lato-Light.ttf in Resources */ = {isa = PBXBuildFile; fileRef = 13DB29BF1E76367600B5B786 /* Lato-Light.ttf */; };
		13DB2A021E76367600B5B786 /* Lato-Medium.ttf in Resources */ = {isa = PBXBuildFile; fileRef = 13DB29C01E76367600B5B786 /* Lato-Medium.ttf */; };
		13DB2A031E76367600B5B786 /* Lato-Regular.ttf in Resources */ = {isa = PBXBuildFile; fileRef = 13DB29C11E76367600B5B786 /* Lato-Regular.ttf */; };
		13DB2A041E76367600B5B786 /* Lato-Semibold.ttf in Resources */ = {isa = PBXBuildFile; fileRef = 13DB29C21E76367600B5B786 /* Lato-Semibold.ttf */; };
		13DB2A051E76367600B5B786 /* ArticleTableViewCell.swift in Sources */ = {isa = PBXBuildFile; fileRef = 13DB29C51E76367600B5B786 /* ArticleTableViewCell.swift */; };
		13DB2A061E76367600B5B786 /* ResultTableViewCell.swift in Sources */ = {isa = PBXBuildFile; fileRef = 13DB29C61E76367600B5B786 /* ResultTableViewCell.swift */; };
		13DB2A071E76367600B5B786 /* SeparatorTableViewCell.swift in Sources */ = {isa = PBXBuildFile; fileRef = 13DB29C71E76367600B5B786 /* SeparatorTableViewCell.swift */; };
		13DB2A081E76367600B5B786 /* TextFieldTableViewCell.swift in Sources */ = {isa = PBXBuildFile; fileRef = 13DB29C81E76367600B5B786 /* TextFieldTableViewCell.swift */; };
		13DB2A091E76367600B5B786 /* CircleImage.swift in Sources */ = {isa = PBXBuildFile; fileRef = 13DB29CA1E76367600B5B786 /* CircleImage.swift */; };
		13DB2A0A1E76367600B5B786 /* CircleView.swift in Sources */ = {isa = PBXBuildFile; fileRef = 13DB29CB1E76367600B5B786 /* CircleView.swift */; };
		13DB2A0B1E76367600B5B786 /* CountView.swift in Sources */ = {isa = PBXBuildFile; fileRef = 13DB29CC1E76367600B5B786 /* CountView.swift */; };
		13DB2A0C1E76367600B5B786 /* HeaderImageView.swift in Sources */ = {isa = PBXBuildFile; fileRef = 13DB29CD1E76367600B5B786 /* HeaderImageView.swift */; };
		13DB2A0D1E76367600B5B786 /* HeaderResultTableView.swift in Sources */ = {isa = PBXBuildFile; fileRef = 13DB29CE1E76367600B5B786 /* HeaderResultTableView.swift */; };
		13DB2A0E1E76367600B5B786 /* ProfileHeaderTableView.swift in Sources */ = {isa = PBXBuildFile; fileRef = 13DB29CF1E76367600B5B786 /* ProfileHeaderTableView.swift */; };
		13DB2A0F1E76367600B5B786 /* SegmentedHeaderView.swift in Sources */ = {isa = PBXBuildFile; fileRef = 13DB29D01E76367600B5B786 /* SegmentedHeaderView.swift */; };
		13DB2A101E76367600B5B786 /* FloatRatingView.swift in Sources */ = {isa = PBXBuildFile; fileRef = 13DB29D21E76367600B5B786 /* FloatRatingView.swift */; };
		13DB2A111E76367600B5B786 /* FUISegmentedControl.m in Sources */ = {isa = PBXBuildFile; fileRef = 13DB29D41E76367600B5B786 /* FUISegmentedControl.m */; };
		13DB2A121E76367600B5B786 /* SSASideMenu.swift in Sources */ = {isa = PBXBuildFile; fileRef = 13DB29D51E76367600B5B786 /* SSASideMenu.swift */; };
		13DB2A131E76367600B5B786 /* UIColor+FlatUI.m in Sources */ = {isa = PBXBuildFile; fileRef = 13DB29D71E76367600B5B786 /* UIColor+FlatUI.m */; };
		13DB2A141E76367600B5B786 /* UIImage+FlatUI.m in Sources */ = {isa = PBXBuildFile; fileRef = 13DB29D91E76367600B5B786 /* UIImage+FlatUI.m */; };
/* End PBXBuildFile section */

/* Begin PBXCopyFilesBuildPhase section */
		13DB29841E76364C00B5B786 /* Embed Frameworks */ = {
			isa = PBXCopyFilesBuildPhase;
			buildActionMask = 2147483647;
			dstPath = "";
			dstSubfolderSpec = 10;
			files = (
				13DB29571E76364C00B5B786 /* CleanroomLogger.framework in Embed Frameworks */,
				13DB29771E76364C00B5B786 /* RxCocoa.framework in Embed Frameworks */,
				13DB297B1E76364C00B5B786 /* RxSwift.framework in Embed Frameworks */,
				13DB295B1E76364C00B5B786 /* Crypto.framework in Embed Frameworks */,
				13DB29831E76364C00B5B786 /* Wrap.framework in Embed Frameworks */,
				13DB29751E76364C00B5B786 /* RealmSwift.framework in Embed Frameworks */,
				13DB296F1E76364C00B5B786 /* PHExtensions.framework in Embed Frameworks */,
				13DB29711E76364C00B5B786 /* Reachability.framework in Embed Frameworks */,
				13DB295D1E76364C00B5B786 /* DZNEmptyDataSet.framework in Embed Frameworks */,
				13DB29551E76364C00B5B786 /* CleanroomASL.framework in Embed Frameworks */,
				13DB29591E76364C00B5B786 /* CocoaAsyncSocket.framework in Embed Frameworks */,
				13DB296B1E76364C00B5B786 /* JGProgressHUD.framework in Embed Frameworks */,
				13DB29651E76364C00B5B786 /* FBSDKCoreKit.framework in Embed Frameworks */,
				13DB297F1E76364C00B5B786 /* SwiftyUserDefaults.framework in Embed Frameworks */,
				13DB295F1E76364C00B5B786 /* FacebookCore.framework in Embed Frameworks */,
				13DB29631E76364C00B5B786 /* FacebookShare.framework in Embed Frameworks */,
				13DB29811E76364C00B5B786 /* Unbox.framework in Embed Frameworks */,
				13DB29691E76364C00B5B786 /* FBSDKShareKit.framework in Embed Frameworks */,
				13DB29671E76364C00B5B786 /* FBSDKLoginKit.framework in Embed Frameworks */,
				13DB296D1E76364C00B5B786 /* PagingMenuController.framework in Embed Frameworks */,
				13DB29791E76364C00B5B786 /* RxExtensions.framework in Embed Frameworks */,
				13DB29611E76364C00B5B786 /* FacebookLogin.framework in Embed Frameworks */,
				13DB29731E76364C00B5B786 /* Realm.framework in Embed Frameworks */,
				13DB29531E76364C00B5B786 /* Bolts.framework in Embed Frameworks */,
				13DB297D1E76364C00B5B786 /* SnapKit.framework in Embed Frameworks */,
			);
			name = "Embed Frameworks";
			runOnlyForDeploymentPostprocessing = 0;
		};
/* End PBXCopyFilesBuildPhase section */

/* Begin PBXFileReference section */
		13DB29211E76350D00B5B786 /* ManUtd.app */ = {isa = PBXFileReference; explicitFileType = wrapper.application; includeInIndex = 0; path = ManUtd.app; sourceTree = BUILT_PRODUCTS_DIR; };
		13DB29241E76350D00B5B786 /* AppDelegate.swift */ = {isa = PBXFileReference; lastKnownFileType = sourcecode.swift; path = AppDelegate.swift; sourceTree = "<group>"; };
		13DB29261E76350D00B5B786 /* ViewController.swift */ = {isa = PBXFileReference; lastKnownFileType = sourcecode.swift; path = ViewController.swift; sourceTree = "<group>"; };
		13DB29291E76350D00B5B786 /* Base */ = {isa = PBXFileReference; lastKnownFileType = file.storyboard; name = Base; path = Base.lproj/Main.storyboard; sourceTree = "<group>"; };
		13DB292B1E76350D00B5B786 /* Assets.xcassets */ = {isa = PBXFileReference; lastKnownFileType = folder.assetcatalog; name = Assets.xcassets; path = ../Assets.xcassets; sourceTree = "<group>"; };
		13DB292E1E76350D00B5B786 /* Base */ = {isa = PBXFileReference; lastKnownFileType = file.storyboard; name = Base; path = Base.lproj/LaunchScreen.storyboard; sourceTree = "<group>"; };
		13DB29301E76350D00B5B786 /* Info.plist */ = {isa = PBXFileReference; lastKnownFileType = text.plist.xml; name = Info.plist; path = ../Info.plist; sourceTree = "<group>"; };
		13DB29361E76351800B5B786 /* ManUtd-Bridging-Header.h */ = {isa = PBXFileReference; lastKnownFileType = sourcecode.c.h; name = "ManUtd-Bridging-Header.h"; path = "../ManUtd-Bridging-Header.h"; sourceTree = "<group>"; };
		13DB29391E76364C00B5B786 /* Bolts.framework */ = {isa = PBXFileReference; lastKnownFileType = wrapper.framework; name = Bolts.framework; path = ManUtd/Libraries/Bolts.framework; sourceTree = "<group>"; };
		13DB293A1E76364C00B5B786 /* CleanroomASL.framework */ = {isa = PBXFileReference; lastKnownFileType = wrapper.framework; name = CleanroomASL.framework; path = ManUtd/Libraries/CleanroomASL.framework; sourceTree = "<group>"; };
		13DB293B1E76364C00B5B786 /* CleanroomLogger.framework */ = {isa = PBXFileReference; lastKnownFileType = wrapper.framework; name = CleanroomLogger.framework; path = ManUtd/Libraries/CleanroomLogger.framework; sourceTree = "<group>"; };
		13DB293C1E76364C00B5B786 /* CocoaAsyncSocket.framework */ = {isa = PBXFileReference; lastKnownFileType = wrapper.framework; name = CocoaAsyncSocket.framework; path = ManUtd/Libraries/CocoaAsyncSocket.framework; sourceTree = "<group>"; };
		13DB293D1E76364C00B5B786 /* Crypto.framework */ = {isa = PBXFileReference; lastKnownFileType = wrapper.framework; name = Crypto.framework; path = ManUtd/Libraries/Crypto.framework; sourceTree = "<group>"; };
		13DB293E1E76364C00B5B786 /* DZNEmptyDataSet.framework */ = {isa = PBXFileReference; lastKnownFileType = wrapper.framework; name = DZNEmptyDataSet.framework; path = ManUtd/Libraries/DZNEmptyDataSet.framework; sourceTree = "<group>"; };
		13DB293F1E76364C00B5B786 /* FacebookCore.framework */ = {isa = PBXFileReference; lastKnownFileType = wrapper.framework; name = FacebookCore.framework; path = ManUtd/Libraries/FacebookCore.framework; sourceTree = "<group>"; };
		13DB29401E76364C00B5B786 /* FacebookLogin.framework */ = {isa = PBXFileReference; lastKnownFileType = wrapper.framework; name = FacebookLogin.framework; path = ManUtd/Libraries/FacebookLogin.framework; sourceTree = "<group>"; };
		13DB29411E76364C00B5B786 /* FacebookShare.framework */ = {isa = PBXFileReference; lastKnownFileType = wrapper.framework; name = FacebookShare.framework; path = ManUtd/Libraries/FacebookShare.framework; sourceTree = "<group>"; };
		13DB29421E76364C00B5B786 /* FBSDKCoreKit.framework */ = {isa = PBXFileReference; lastKnownFileType = wrapper.framework; name = FBSDKCoreKit.framework; path = ManUtd/Libraries/FBSDKCoreKit.framework; sourceTree = "<group>"; };
		13DB29431E76364C00B5B786 /* FBSDKLoginKit.framework */ = {isa = PBXFileReference; lastKnownFileType = wrapper.framework; name = FBSDKLoginKit.framework; path = ManUtd/Libraries/FBSDKLoginKit.framework; sourceTree = "<group>"; };
		13DB29441E76364C00B5B786 /* FBSDKShareKit.framework */ = {isa = PBXFileReference; lastKnownFileType = wrapper.framework; name = FBSDKShareKit.framework; path = ManUtd/Libraries/FBSDKShareKit.framework; sourceTree = "<group>"; };
		13DB29451E76364C00B5B786 /* JGProgressHUD.framework */ = {isa = PBXFileReference; lastKnownFileType = wrapper.framework; name = JGProgressHUD.framework; path = ManUtd/Libraries/JGProgressHUD.framework; sourceTree = "<group>"; };
		13DB29461E76364C00B5B786 /* PagingMenuController.framework */ = {isa = PBXFileReference; lastKnownFileType = wrapper.framework; name = PagingMenuController.framework; path = ManUtd/Libraries/PagingMenuController.framework; sourceTree = "<group>"; };
		13DB29471E76364C00B5B786 /* PHExtensions.framework */ = {isa = PBXFileReference; lastKnownFileType = wrapper.framework; name = PHExtensions.framework; path = ManUtd/Libraries/PHExtensions.framework; sourceTree = "<group>"; };
		13DB29481E76364C00B5B786 /* Reachability.framework */ = {isa = PBXFileReference; lastKnownFileType = wrapper.framework; name = Reachability.framework; path = ManUtd/Libraries/Reachability.framework; sourceTree = "<group>"; };
		13DB29491E76364C00B5B786 /* Realm.framework */ = {isa = PBXFileReference; lastKnownFileType = wrapper.framework; name = Realm.framework; path = ManUtd/Libraries/Realm.framework; sourceTree = "<group>"; };
		13DB294A1E76364C00B5B786 /* RealmSwift.framework */ = {isa = PBXFileReference; lastKnownFileType = wrapper.framework; name = RealmSwift.framework; path = ManUtd/Libraries/RealmSwift.framework; sourceTree = "<group>"; };
		13DB294B1E76364C00B5B786 /* RxCocoa.framework */ = {isa = PBXFileReference; lastKnownFileType = wrapper.framework; name = RxCocoa.framework; path = ManUtd/Libraries/RxCocoa.framework; sourceTree = "<group>"; };
		13DB294C1E76364C00B5B786 /* RxExtensions.framework */ = {isa = PBXFileReference; lastKnownFileType = wrapper.framework; name = RxExtensions.framework; path = ManUtd/Libraries/RxExtensions.framework; sourceTree = "<group>"; };
		13DB294D1E76364C00B5B786 /* RxSwift.framework */ = {isa = PBXFileReference; lastKnownFileType = wrapper.framework; name = RxSwift.framework; path = ManUtd/Libraries/RxSwift.framework; sourceTree = "<group>"; };
		13DB294E1E76364C00B5B786 /* SnapKit.framework */ = {isa = PBXFileReference; lastKnownFileType = wrapper.framework; name = SnapKit.framework; path = ManUtd/Libraries/SnapKit.framework; sourceTree = "<group>"; };
		13DB294F1E76364C00B5B786 /* SwiftyUserDefaults.framework */ = {isa = PBXFileReference; lastKnownFileType = wrapper.framework; name = SwiftyUserDefaults.framework; path = ManUtd/Libraries/SwiftyUserDefaults.framework; sourceTree = "<group>"; };
		13DB29501E76364C00B5B786 /* Unbox.framework */ = {isa = PBXFileReference; lastKnownFileType = wrapper.framework; name = Unbox.framework; path = ManUtd/Libraries/Unbox.framework; sourceTree = "<group>"; };
		13DB29511E76364C00B5B786 /* Wrap.framework */ = {isa = PBXFileReference; lastKnownFileType = wrapper.framework; name = Wrap.framework; path = ManUtd/Libraries/Wrap.framework; sourceTree = "<group>"; };
		13DB29881E76367600B5B786 /* DataManager.swift */ = {isa = PBXFileReference; fileEncoding = 4; lastKnownFileType = sourcecode.swift; path = DataManager.swift; sourceTree = "<group>"; };
		13DB298A1E76367600B5B786 /* KYDrawerController.swift */ = {isa = PBXFileReference; fileEncoding = 4; lastKnownFileType = sourcecode.swift; path = KYDrawerController.swift; sourceTree = "<group>"; };
		13DB298B1E76367600B5B786 /* KYEmbedDrawerControllerSegue.swift */ = {isa = PBXFileReference; fileEncoding = 4; lastKnownFileType = sourcecode.swift; path = KYEmbedDrawerControllerSegue.swift; sourceTree = "<group>"; };
		13DB298C1E76367600B5B786 /* KYEmbedMainControllerSegue.swift */ = {isa = PBXFileReference; fileEncoding = 4; lastKnownFileType = sourcecode.swift; path = KYEmbedMainControllerSegue.swift; sourceTree = "<group>"; };
		13DB298E1E76367600B5B786 /* GeneralViewController.swift */ = {isa = PBXFileReference; fileEncoding = 4; lastKnownFileType = sourcecode.swift; path = GeneralViewController.swift; sourceTree = "<group>"; };
		13DB29911E76367600B5B786 /* ComunityViewController.swift */ = {isa = PBXFileReference; fileEncoding = 4; lastKnownFileType = sourcecode.swift; path = ComunityViewController.swift; sourceTree = "<group>"; };
		13DB29931E76367600B5B786 /* ArticleDetailViewController.swift */ = {isa = PBXFileReference; fileEncoding = 4; lastKnownFileType = sourcecode.swift; path = ArticleDetailViewController.swift; sourceTree = "<group>"; };
		13DB29941E76367600B5B786 /* ArticleViewController.swift */ = {isa = PBXFileReference; fileEncoding = 4; lastKnownFileType = sourcecode.swift; path = ArticleViewController.swift; sourceTree = "<group>"; };
		13DB29951E76367600B5B786 /* NewsViewController.swift */ = {isa = PBXFileReference; fileEncoding = 4; lastKnownFileType = sourcecode.swift; path = NewsViewController.swift; sourceTree = "<group>"; };
		13DB29961E76367600B5B786 /* VideoViewController.swift */ = {isa = PBXFileReference; fileEncoding = 4; lastKnownFileType = sourcecode.swift; path = VideoViewController.swift; sourceTree = "<group>"; };
		13DB29981E76367600B5B786 /* ProfileViewController+Delegate.swift */ = {isa = PBXFileReference; fileEncoding = 4; lastKnownFileType = sourcecode.swift; path = "ProfileViewController+Delegate.swift"; sourceTree = "<group>"; };
		13DB29991E76367600B5B786 /* ProfileViewController+Setup.swift */ = {isa = PBXFileReference; fileEncoding = 4; lastKnownFileType = sourcecode.swift; path = "ProfileViewController+Setup.swift"; sourceTree = "<group>"; };
		13DB299A1E76367600B5B786 /* ProfileViewController.swift */ = {isa = PBXFileReference; fileEncoding = 4; lastKnownFileType = sourcecode.swift; path = ProfileViewController.swift; sourceTree = "<group>"; };
		13DB299C1E76367600B5B786 /* ResultViewController.swift */ = {isa = PBXFileReference; fileEncoding = 4; lastKnownFileType = sourcecode.swift; path = ResultViewController.swift; sourceTree = "<group>"; };
		13DB299E1E76367600B5B786 /* ScheduleViewController.swift */ = {isa = PBXFileReference; fileEncoding = 4; lastKnownFileType = sourcecode.swift; path = ScheduleViewController.swift; sourceTree = "<group>"; };
		13DB29A01E76367600B5B786 /* Article.swift */ = {isa = PBXFileReference; fileEncoding = 4; lastKnownFileType = sourcecode.swift; path = Article.swift; sourceTree = "<group>"; };
		13DB29A11E76367600B5B786 /* RealmArticle.swift */ = {isa = PBXFileReference; fileEncoding = 4; lastKnownFileType = sourcecode.swift; path = RealmArticle.swift; sourceTree = "<group>"; };
		13DB29A21E76367600B5B786 /* Segmented.swift */ = {isa = PBXFileReference; fileEncoding = 4; lastKnownFileType = sourcecode.swift; path = Segmented.swift; sourceTree = "<group>"; };
		13DB29A31E76367600B5B786 /* Team.swift */ = {isa = PBXFileReference; fileEncoding = 4; lastKnownFileType = sourcecode.swift; path = Team.swift; sourceTree = "<group>"; };
		13DB29A71E76367600B5B786 /* HTTPGetArticle.swift */ = {isa = PBXFileReference; fileEncoding = 4; lastKnownFileType = sourcecode.swift; path = HTTPGetArticle.swift; sourceTree = "<group>"; };
		13DB29A81E76367600B5B786 /* HTTPAPI.swift */ = {isa = PBXFileReference; fileEncoding = 4; lastKnownFileType = sourcecode.swift; path = HTTPAPI.swift; sourceTree = "<group>"; };
		13DB29A91E76367600B5B786 /* HTTPManager.swift */ = {isa = PBXFileReference; fileEncoding = 4; lastKnownFileType = sourcecode.swift; path = HTTPManager.swift; sourceTree = "<group>"; };
		13DB29AA1E76367600B5B786 /* HTTPProtocol.swift */ = {isa = PBXFileReference; fileEncoding = 4; lastKnownFileType = sourcecode.swift; path = HTTPProtocol.swift; sourceTree = "<group>"; };
		13DB29AC1E76367600B5B786 /* Error.swift */ = {isa = PBXFileReference; fileEncoding = 4; lastKnownFileType = sourcecode.swift; path = Error.swift; sourceTree = "<group>"; };
		13DB29AD1E76367600B5B786 /* Result.swift */ = {isa = PBXFileReference; fileEncoding = 4; lastKnownFileType = sourcecode.swift; path = Result.swift; sourceTree = "<group>"; };
		13DB29AE1E76367600B5B786 /* RxExtension.swift */ = {isa = PBXFileReference; fileEncoding = 4; lastKnownFileType = sourcecode.swift; path = RxExtension.swift; sourceTree = "<group>"; };
		13DB29B01E76367600B5B786 /* AppData.swift */ = {isa = PBXFileReference; fileEncoding = 4; lastKnownFileType = sourcecode.swift; path = AppData.swift; sourceTree = "<group>"; };
		13DB29B11E76367600B5B786 /* Color.swift */ = {isa = PBXFileReference; fileEncoding = 4; lastKnownFileType = sourcecode.swift; path = Color.swift; sourceTree = "<group>"; };
		13DB29B21E76367600B5B786 /* Constants.swift */ = {isa = PBXFileReference; fileEncoding = 4; lastKnownFileType = sourcecode.swift; path = Constants.swift; sourceTree = "<group>"; };
		13DB29B31E76367600B5B786 /* DatabaseSupport.swift */ = {isa = PBXFileReference; fileEncoding = 4; lastKnownFileType = sourcecode.swift; path = DatabaseSupport.swift; sourceTree = "<group>"; };
		13DB29B41E76367600B5B786 /* Extensions.swift */ = {isa = PBXFileReference; fileEncoding = 4; lastKnownFileType = sourcecode.swift; path = Extensions.swift; sourceTree = "<group>"; };
		13DB29B51E76367600B5B786 /* HUD.swift */ = {isa = PBXFileReference; fileEncoding = 4; lastKnownFileType = sourcecode.swift; path = HUD.swift; sourceTree = "<group>"; };
		13DB29B61E76367600B5B786 /* Image.swift */ = {isa = PBXFileReference; fileEncoding = 4; lastKnownFileType = sourcecode.swift; path = Image.swift; sourceTree = "<group>"; };
		13DB29B71E76367600B5B786 /* LoggerSupport.swift */ = {isa = PBXFileReference; fileEncoding = 4; lastKnownFileType = sourcecode.swift; path = LoggerSupport.swift; sourceTree = "<group>"; };
		13DB29B81E76367600B5B786 /* ReachabilitySupport.swift */ = {isa = PBXFileReference; fileEncoding = 4; lastKnownFileType = sourcecode.swift; path = ReachabilitySupport.swift; sourceTree = "<group>"; };
		13DB29B91E76367600B5B786 /* Utility.swift */ = {isa = PBXFileReference; fileEncoding = 4; lastKnownFileType = sourcecode.swift; path = Utility.swift; sourceTree = "<group>"; };
		13DB29BC1E76367600B5B786 /* Lato-BlackItalic.ttf */ = {isa = PBXFileReference; lastKnownFileType = file; path = "Lato-BlackItalic.ttf"; sourceTree = "<group>"; };
		13DB29BD1E76367600B5B786 /* Lato-Bold.ttf */ = {isa = PBXFileReference; lastKnownFileType = file; path = "Lato-Bold.ttf"; sourceTree = "<group>"; };
		13DB29BE1E76367600B5B786 /* Lato-Italic.ttf */ = {isa = PBXFileReference; lastKnownFileType = file; path = "Lato-Italic.ttf"; sourceTree = "<group>"; };
		13DB29BF1E76367600B5B786 /* Lato-Light.ttf */ = {isa = PBXFileReference; lastKnownFileType = file; path = "Lato-Light.ttf"; sourceTree = "<group>"; };
		13DB29C01E76367600B5B786 /* Lato-Medium.ttf */ = {isa = PBXFileReference; lastKnownFileType = file; path = "Lato-Medium.ttf"; sourceTree = "<group>"; };
		13DB29C11E76367600B5B786 /* Lato-Regular.ttf */ = {isa = PBXFileReference; lastKnownFileType = file; path = "Lato-Regular.ttf"; sourceTree = "<group>"; };
		13DB29C21E76367600B5B786 /* Lato-Semibold.ttf */ = {isa = PBXFileReference; lastKnownFileType = file; path = "Lato-Semibold.ttf"; sourceTree = "<group>"; };
		13DB29C51E76367600B5B786 /* ArticleTableViewCell.swift */ = {isa = PBXFileReference; fileEncoding = 4; lastKnownFileType = sourcecode.swift; path = ArticleTableViewCell.swift; sourceTree = "<group>"; };
		13DB29C61E76367600B5B786 /* ResultTableViewCell.swift */ = {isa = PBXFileReference; fileEncoding = 4; lastKnownFileType = sourcecode.swift; path = ResultTableViewCell.swift; sourceTree = "<group>"; };
		13DB29C71E76367600B5B786 /* SeparatorTableViewCell.swift */ = {isa = PBXFileReference; fileEncoding = 4; lastKnownFileType = sourcecode.swift; path = SeparatorTableViewCell.swift; sourceTree = "<group>"; };
		13DB29C81E76367600B5B786 /* TextFieldTableViewCell.swift */ = {isa = PBXFileReference; fileEncoding = 4; lastKnownFileType = sourcecode.swift; path = TextFieldTableViewCell.swift; sourceTree = "<group>"; };
		13DB29CA1E76367600B5B786 /* CircleImage.swift */ = {isa = PBXFileReference; fileEncoding = 4; lastKnownFileType = sourcecode.swift; path = CircleImage.swift; sourceTree = "<group>"; };
		13DB29CB1E76367600B5B786 /* CircleView.swift */ = {isa = PBXFileReference; fileEncoding = 4; lastKnownFileType = sourcecode.swift; path = CircleView.swift; sourceTree = "<group>"; };
		13DB29CC1E76367600B5B786 /* CountView.swift */ = {isa = PBXFileReference; fileEncoding = 4; lastKnownFileType = sourcecode.swift; path = CountView.swift; sourceTree = "<group>"; };
		13DB29CD1E76367600B5B786 /* HeaderImageView.swift */ = {isa = PBXFileReference; fileEncoding = 4; lastKnownFileType = sourcecode.swift; path = HeaderImageView.swift; sourceTree = "<group>"; };
		13DB29CE1E76367600B5B786 /* HeaderResultTableView.swift */ = {isa = PBXFileReference; fileEncoding = 4; lastKnownFileType = sourcecode.swift; path = HeaderResultTableView.swift; sourceTree = "<group>"; };
		13DB29CF1E76367600B5B786 /* ProfileHeaderTableView.swift */ = {isa = PBXFileReference; fileEncoding = 4; lastKnownFileType = sourcecode.swift; path = ProfileHeaderTableView.swift; sourceTree = "<group>"; };
		13DB29D01E76367600B5B786 /* SegmentedHeaderView.swift */ = {isa = PBXFileReference; fileEncoding = 4; lastKnownFileType = sourcecode.swift; path = SegmentedHeaderView.swift; sourceTree = "<group>"; };
		13DB29D21E76367600B5B786 /* FloatRatingView.swift */ = {isa = PBXFileReference; fileEncoding = 4; lastKnownFileType = sourcecode.swift; path = FloatRatingView.swift; sourceTree = "<group>"; };
		13DB29D31E76367600B5B786 /* FUISegmentedControl.h */ = {isa = PBXFileReference; fileEncoding = 4; lastKnownFileType = sourcecode.c.h; path = FUISegmentedControl.h; sourceTree = "<group>"; };
		13DB29D41E76367600B5B786 /* FUISegmentedControl.m */ = {isa = PBXFileReference; fileEncoding = 4; lastKnownFileType = sourcecode.c.objc; path = FUISegmentedControl.m; sourceTree = "<group>"; };
		13DB29D51E76367600B5B786 /* SSASideMenu.swift */ = {isa = PBXFileReference; fileEncoding = 4; lastKnownFileType = sourcecode.swift; path = SSASideMenu.swift; sourceTree = "<group>"; };
		13DB29D61E76367600B5B786 /* UIColor+FlatUI.h */ = {isa = PBXFileReference; fileEncoding = 4; lastKnownFileType = sourcecode.c.h; path = "UIColor+FlatUI.h"; sourceTree = "<group>"; };
		13DB29D71E76367600B5B786 /* UIColor+FlatUI.m */ = {isa = PBXFileReference; fileEncoding = 4; lastKnownFileType = sourcecode.c.objc; path = "UIColor+FlatUI.m"; sourceTree = "<group>"; };
		13DB29D81E76367600B5B786 /* UIImage+FlatUI.h */ = {isa = PBXFileReference; fileEncoding = 4; lastKnownFileType = sourcecode.c.h; path = "UIImage+FlatUI.h"; sourceTree = "<group>"; };
		13DB29D91E76367600B5B786 /* UIImage+FlatUI.m */ = {isa = PBXFileReference; fileEncoding = 4; lastKnownFileType = sourcecode.c.objc; path = "UIImage+FlatUI.m"; sourceTree = "<group>"; };
/* End PBXFileReference section */

/* Begin PBXFrameworksBuildPhase section */
		13DB291E1E76350D00B5B786 /* Frameworks */ = {
			isa = PBXFrameworksBuildPhase;
			buildActionMask = 2147483647;
			files = (
				13DB29561E76364C00B5B786 /* CleanroomLogger.framework in Frameworks */,
				13DB29761E76364C00B5B786 /* RxCocoa.framework in Frameworks */,
				13DB297A1E76364C00B5B786 /* RxSwift.framework in Frameworks */,
				13DB295A1E76364C00B5B786 /* Crypto.framework in Frameworks */,
				13DB29821E76364C00B5B786 /* Wrap.framework in Frameworks */,
				13DB29741E76364C00B5B786 /* RealmSwift.framework in Frameworks */,
				13DB296E1E76364C00B5B786 /* PHExtensions.framework in Frameworks */,
				13DB29701E76364C00B5B786 /* Reachability.framework in Frameworks */,
				13DB295C1E76364C00B5B786 /* DZNEmptyDataSet.framework in Frameworks */,
				13DB29541E76364C00B5B786 /* CleanroomASL.framework in Frameworks */,
				13DB29581E76364C00B5B786 /* CocoaAsyncSocket.framework in Frameworks */,
				13DB296A1E76364C00B5B786 /* JGProgressHUD.framework in Frameworks */,
				13DB29641E76364C00B5B786 /* FBSDKCoreKit.framework in Frameworks */,
				13DB297E1E76364C00B5B786 /* SwiftyUserDefaults.framework in Frameworks */,
				13DB295E1E76364C00B5B786 /* FacebookCore.framework in Frameworks */,
				13DB29621E76364C00B5B786 /* FacebookShare.framework in Frameworks */,
				13DB29801E76364C00B5B786 /* Unbox.framework in Frameworks */,
				13DB29681E76364C00B5B786 /* FBSDKShareKit.framework in Frameworks */,
				13DB29661E76364C00B5B786 /* FBSDKLoginKit.framework in Frameworks */,
				13DB296C1E76364C00B5B786 /* PagingMenuController.framework in Frameworks */,
				13DB29781E76364C00B5B786 /* RxExtensions.framework in Frameworks */,
				13DB29601E76364C00B5B786 /* FacebookLogin.framework in Frameworks */,
				13DB29721E76364C00B5B786 /* Realm.framework in Frameworks */,
				13DB29521E76364C00B5B786 /* Bolts.framework in Frameworks */,
				13DB297C1E76364C00B5B786 /* SnapKit.framework in Frameworks */,
			);
			runOnlyForDeploymentPostprocessing = 0;
		};
/* End PBXFrameworksBuildPhase section */

/* Begin PBXGroup section */
		13DB29181E76350D00B5B786 = {
			isa = PBXGroup;
			children = (
				13DB29231E76350D00B5B786 /* ManUtd */,
				13DB29221E76350D00B5B786 /* Products */,
				13DB29851E76365100B5B786 /* Framework */,
			);
			sourceTree = "<group>";
		};
		13DB29221E76350D00B5B786 /* Products */ = {
			isa = PBXGroup;
			children = (
				13DB29211E76350D00B5B786 /* ManUtd.app */,
			);
			name = Products;
			sourceTree = "<group>";
		};
		13DB29231E76350D00B5B786 /* ManUtd */ = {
			isa = PBXGroup;
			children = (
				13DB29861E76367600B5B786 /* Controller */,
				13DB299F1E76367600B5B786 /* Model */,
				13DB29A41E76367600B5B786 /* Network */,
				13DB29AF1E76367600B5B786 /* Support */,
				13DB29BA1E76367600B5B786 /* Supporting File */,
				13DB29C31E76367600B5B786 /* View */,
				13DB29241E76350D00B5B786 /* AppDelegate.swift */,
				13DB29261E76350D00B5B786 /* ViewController.swift */,
			);
			path = ManUtd;
			sourceTree = "<group>";
		};
		13DB29851E76365100B5B786 /* Framework */ = {
			isa = PBXGroup;
			children = (
				13DB29391E76364C00B5B786 /* Bolts.framework */,
				13DB293A1E76364C00B5B786 /* CleanroomASL.framework */,
				13DB293B1E76364C00B5B786 /* CleanroomLogger.framework */,
				13DB293C1E76364C00B5B786 /* CocoaAsyncSocket.framework */,
				13DB293D1E76364C00B5B786 /* Crypto.framework */,
				13DB293E1E76364C00B5B786 /* DZNEmptyDataSet.framework */,
				13DB293F1E76364C00B5B786 /* FacebookCore.framework */,
				13DB29401E76364C00B5B786 /* FacebookLogin.framework */,
				13DB29411E76364C00B5B786 /* FacebookShare.framework */,
				13DB29421E76364C00B5B786 /* FBSDKCoreKit.framework */,
				13DB29431E76364C00B5B786 /* FBSDKLoginKit.framework */,
				13DB29441E76364C00B5B786 /* FBSDKShareKit.framework */,
				13DB29451E76364C00B5B786 /* JGProgressHUD.framework */,
				13DB29461E76364C00B5B786 /* PagingMenuController.framework */,
				13DB29471E76364C00B5B786 /* PHExtensions.framework */,
				13DB29481E76364C00B5B786 /* Reachability.framework */,
				13DB29491E76364C00B5B786 /* Realm.framework */,
				13DB294A1E76364C00B5B786 /* RealmSwift.framework */,
				13DB294B1E76364C00B5B786 /* RxCocoa.framework */,
				13DB294C1E76364C00B5B786 /* RxExtensions.framework */,
				13DB294D1E76364C00B5B786 /* RxSwift.framework */,
				13DB294E1E76364C00B5B786 /* SnapKit.framework */,
				13DB294F1E76364C00B5B786 /* SwiftyUserDefaults.framework */,
				13DB29501E76364C00B5B786 /* Unbox.framework */,
				13DB29511E76364C00B5B786 /* Wrap.framework */,
			);
			name = Framework;
			sourceTree = "<group>";
		};
		13DB29861E76367600B5B786 /* Controller */ = {
			isa = PBXGroup;
			children = (
				13DB29871E76367600B5B786 /* DataManager */,
				13DB29891E76367600B5B786 /* DrawerController */,
				13DB298D1E76367600B5B786 /* General */,
				13DB298F1E76367600B5B786 /* Tab bar */,
			);
			path = Controller;
			sourceTree = "<group>";
		};
		13DB29871E76367600B5B786 /* DataManager */ = {
			isa = PBXGroup;
			children = (
				13DB29881E76367600B5B786 /* DataManager.swift */,
			);
			path = DataManager;
			sourceTree = "<group>";
		};
		13DB29891E76367600B5B786 /* DrawerController */ = {
			isa = PBXGroup;
			children = (
				13DB298A1E76367600B5B786 /* KYDrawerController.swift */,
				13DB298B1E76367600B5B786 /* KYEmbedDrawerControllerSegue.swift */,
				13DB298C1E76367600B5B786 /* KYEmbedMainControllerSegue.swift */,
			);
			path = DrawerController;
			sourceTree = "<group>";
		};
		13DB298D1E76367600B5B786 /* General */ = {
			isa = PBXGroup;
			children = (
				13DB298E1E76367600B5B786 /* GeneralViewController.swift */,
			);
			path = General;
			sourceTree = "<group>";
		};
		13DB298F1E76367600B5B786 /* Tab bar */ = {
			isa = PBXGroup;
			children = (
				13DB29901E76367600B5B786 /* Comunity */,
				13DB29921E76367600B5B786 /* News */,
				13DB29971E76367600B5B786 /* Profile */,
				13DB299B1E76367600B5B786 /* Result */,
				13DB299D1E76367600B5B786 /* Schedule */,
			);
			path = "Tab bar";
			sourceTree = "<group>";
		};
		13DB29901E76367600B5B786 /* Comunity */ = {
			isa = PBXGroup;
			children = (
				13DB29911E76367600B5B786 /* ComunityViewController.swift */,
			);
			path = Comunity;
			sourceTree = "<group>";
		};
		13DB29921E76367600B5B786 /* News */ = {
			isa = PBXGroup;
			children = (
				13DB29931E76367600B5B786 /* ArticleDetailViewController.swift */,
				13DB29941E76367600B5B786 /* ArticleViewController.swift */,
				13DB29951E76367600B5B786 /* NewsViewController.swift */,
				13DB29961E76367600B5B786 /* VideoViewController.swift */,
			);
			path = News;
			sourceTree = "<group>";
		};
		13DB29971E76367600B5B786 /* Profile */ = {
			isa = PBXGroup;
			children = (
				13DB29981E76367600B5B786 /* ProfileViewController+Delegate.swift */,
				13DB29991E76367600B5B786 /* ProfileViewController+Setup.swift */,
				13DB299A1E76367600B5B786 /* ProfileViewController.swift */,
			);
			path = Profile;
			sourceTree = "<group>";
		};
		13DB299B1E76367600B5B786 /* Result */ = {
			isa = PBXGroup;
			children = (
				13DB299C1E76367600B5B786 /* ResultViewController.swift */,
			);
			path = Result;
			sourceTree = "<group>";
		};
		13DB299D1E76367600B5B786 /* Schedule */ = {
			isa = PBXGroup;
			children = (
				13DB299E1E76367600B5B786 /* ScheduleViewController.swift */,
			);
			path = Schedule;
			sourceTree = "<group>";
		};
		13DB299F1E76367600B5B786 /* Model */ = {
			isa = PBXGroup;
			children = (
				13DB29A01E76367600B5B786 /* Article.swift */,
				13DB29A11E76367600B5B786 /* RealmArticle.swift */,
				13DB29A21E76367600B5B786 /* Segmented.swift */,
				13DB29A31E76367600B5B786 /* Team.swift */,
			);
			path = Model;
			sourceTree = "<group>";
		};
		13DB29A41E76367600B5B786 /* Network */ = {
			isa = PBXGroup;
			children = (
				13DB29A51E76367600B5B786 /* HTTP */,
				13DB29A81E76367600B5B786 /* HTTPAPI.swift */,
				13DB29A91E76367600B5B786 /* HTTPManager.swift */,
				13DB29AA1E76367600B5B786 /* HTTPProtocol.swift */,
				13DB29AB1E76367600B5B786 /* Support */,
			);
			path = Network;
			sourceTree = "<group>";
		};
		13DB29A51E76367600B5B786 /* HTTP */ = {
			isa = PBXGroup;
			children = (
				13DB29A61E76367600B5B786 /* APIs */,
			);
			path = HTTP;
			sourceTree = "<group>";
		};
		13DB29A61E76367600B5B786 /* APIs */ = {
			isa = PBXGroup;
			children = (
				13DB29A71E76367600B5B786 /* HTTPGetArticle.swift */,
			);
			path = APIs;
			sourceTree = "<group>";
		};
		13DB29AB1E76367600B5B786 /* Support */ = {
			isa = PBXGroup;
			children = (
				13DB29AC1E76367600B5B786 /* Error.swift */,
				13DB29AD1E76367600B5B786 /* Result.swift */,
				13DB29AE1E76367600B5B786 /* RxExtension.swift */,
			);
			path = Support;
			sourceTree = "<group>";
		};
		13DB29AF1E76367600B5B786 /* Support */ = {
			isa = PBXGroup;
			children = (
				13DB29B01E76367600B5B786 /* AppData.swift */,
				13DB29B11E76367600B5B786 /* Color.swift */,
				13DB29B21E76367600B5B786 /* Constants.swift */,
				13DB29B31E76367600B5B786 /* DatabaseSupport.swift */,
				13DB29B41E76367600B5B786 /* Extensions.swift */,
				13DB29B51E76367600B5B786 /* HUD.swift */,
				13DB29B61E76367600B5B786 /* Image.swift */,
				13DB29B71E76367600B5B786 /* LoggerSupport.swift */,
				13DB29B81E76367600B5B786 /* ReachabilitySupport.swift */,
				13DB29B91E76367600B5B786 /* Utility.swift */,
			);
			path = Support;
			sourceTree = "<group>";
		};
		13DB29BA1E76367600B5B786 /* Supporting File */ = {
			isa = PBXGroup;
			children = (
				13DB29281E76350D00B5B786 /* Main.storyboard */,
				13DB292B1E76350D00B5B786 /* Assets.xcassets */,
				13DB292D1E76350D00B5B786 /* LaunchScreen.storyboard */,
				13DB29301E76350D00B5B786 /* Info.plist */,
				13DB29361E76351800B5B786 /* ManUtd-Bridging-Header.h */,
				13DB29BB1E76367600B5B786 /* Lato Font */,
			);
			path = "Supporting File";
			sourceTree = "<group>";
		};
		13DB29BB1E76367600B5B786 /* Lato Font */ = {
			isa = PBXGroup;
			children = (
				13DB29BC1E76367600B5B786 /* Lato-BlackItalic.ttf */,
				13DB29BD1E76367600B5B786 /* Lato-Bold.ttf */,
				13DB29BE1E76367600B5B786 /* Lato-Italic.ttf */,
				13DB29BF1E76367600B5B786 /* Lato-Light.ttf */,
				13DB29C01E76367600B5B786 /* Lato-Medium.ttf */,
				13DB29C11E76367600B5B786 /* Lato-Regular.ttf */,
				13DB29C21E76367600B5B786 /* Lato-Semibold.ttf */,
			);
			path = "Lato Font";
			sourceTree = "<group>";
		};
		13DB29C31E76367600B5B786 /* View */ = {
			isa = PBXGroup;
			children = (
				13DB29C41E76367600B5B786 /* Cell */,
				13DB29C91E76367600B5B786 /* Custom */,
				13DB29D11E76367600B5B786 /* Libraries */,
			);
			path = View;
			sourceTree = "<group>";
		};
		13DB29C41E76367600B5B786 /* Cell */ = {
			isa = PBXGroup;
			children = (
				13DB29C51E76367600B5B786 /* ArticleTableViewCell.swift */,
				13DB29C61E76367600B5B786 /* ResultTableViewCell.swift */,
				13DB29C71E76367600B5B786 /* SeparatorTableViewCell.swift */,
				13DB29C81E76367600B5B786 /* TextFieldTableViewCell.swift */,
			);
			path = Cell;
			sourceTree = "<group>";
		};
		13DB29C91E76367600B5B786 /* Custom */ = {
			isa = PBXGroup;
			children = (
				13DB29CA1E76367600B5B786 /* CircleImage.swift */,
				13DB29CB1E76367600B5B786 /* CircleView.swift */,
				13DB29CC1E76367600B5B786 /* CountView.swift */,
				13DB29CD1E76367600B5B786 /* HeaderImageView.swift */,
				13DB29CE1E76367600B5B786 /* HeaderResultTableView.swift */,
				13DB29CF1E76367600B5B786 /* ProfileHeaderTableView.swift */,
				13DB29D01E76367600B5B786 /* SegmentedHeaderView.swift */,
			);
			path = Custom;
			sourceTree = "<group>";
		};
		13DB29D11E76367600B5B786 /* Libraries */ = {
			isa = PBXGroup;
			children = (
				13DB29D21E76367600B5B786 /* FloatRatingView.swift */,
				13DB29D31E76367600B5B786 /* FUISegmentedControl.h */,
				13DB29D41E76367600B5B786 /* FUISegmentedControl.m */,
				13DB29D51E76367600B5B786 /* SSASideMenu.swift */,
				13DB29D61E76367600B5B786 /* UIColor+FlatUI.h */,
				13DB29D71E76367600B5B786 /* UIColor+FlatUI.m */,
				13DB29D81E76367600B5B786 /* UIImage+FlatUI.h */,
				13DB29D91E76367600B5B786 /* UIImage+FlatUI.m */,
			);
			path = Libraries;
			sourceTree = "<group>";
		};
/* End PBXGroup section */

/* Begin PBXNativeTarget section */
		13DB29201E76350D00B5B786 /* ManUtd */ = {
			isa = PBXNativeTarget;
			buildConfigurationList = 13DB29331E76350D00B5B786 /* Build configuration list for PBXNativeTarget "ManUtd" */;
			buildPhases = (
				13DB291D1E76350D00B5B786 /* Sources */,
				13DB291E1E76350D00B5B786 /* Frameworks */,
				13DB291F1E76350D00B5B786 /* Resources */,
				13DB29841E76364C00B5B786 /* Embed Frameworks */,
			);
			buildRules = (
			);
			dependencies = (
			);
			name = ManUtd;
			productName = ManUtd;
			productReference = 13DB29211E76350D00B5B786 /* ManUtd.app */;
			productType = "com.apple.product-type.application";
		};
/* End PBXNativeTarget section */

/* Begin PBXProject section */
		13DB29191E76350D00B5B786 /* Project object */ = {
			isa = PBXProject;
			attributes = {
				LastSwiftUpdateCheck = 0820;
				LastUpgradeCheck = 0820;
				ORGANIZATIONNAME = "Thành Lã";
				TargetAttributes = {
					13DB29201E76350D00B5B786 = {
						CreatedOnToolsVersion = 8.2.1;
						DevelopmentTeam = AQ4F7PFFSM;
						LastSwiftMigration = 0820;
						ProvisioningStyle = Automatic;
					};
				};
			};
			buildConfigurationList = 13DB291C1E76350D00B5B786 /* Build configuration list for PBXProject "ManUtd" */;
			compatibilityVersion = "Xcode 3.2";
			developmentRegion = English;
			hasScannedForEncodings = 0;
			knownRegions = (
				en,
				Base,
			);
			mainGroup = 13DB29181E76350D00B5B786;
			productRefGroup = 13DB29221E76350D00B5B786 /* Products */;
			projectDirPath = "";
			projectRoot = "";
			targets = (
				13DB29201E76350D00B5B786 /* ManUtd */,
			);
		};
/* End PBXProject section */

/* Begin PBXResourcesBuildPhase section */
		13DB291F1E76350D00B5B786 /* Resources */ = {
			isa = PBXResourcesBuildPhase;
			buildActionMask = 2147483647;
			files = (
				13DB29FE1E76367600B5B786 /* Lato-BlackItalic.ttf in Resources */,
				13DB2A021E76367600B5B786 /* Lato-Medium.ttf in Resources */,
				13DB29FF1E76367600B5B786 /* Lato-Bold.ttf in Resources */,
				13DB292F1E76350D00B5B786 /* LaunchScreen.storyboard in Resources */,
				13DB2A031E76367600B5B786 /* Lato-Regular.ttf in Resources */,
				13DB2A041E76367600B5B786 /* Lato-Semibold.ttf in Resources */,
				13DB292C1E76350D00B5B786 /* Assets.xcassets in Resources */,
				13DB2A001E76367600B5B786 /* Lato-Italic.ttf in Resources */,
				13DB292A1E76350D00B5B786 /* Main.storyboard in Resources */,
				13DB2A011E76367600B5B786 /* Lato-Light.ttf in Resources */,
			);
			runOnlyForDeploymentPostprocessing = 0;
		};
/* End PBXResourcesBuildPhase section */

/* Begin PBXSourcesBuildPhase section */
		13DB291D1E76350D00B5B786 /* Sources */ = {
			isa = PBXSourcesBuildPhase;
			buildActionMask = 2147483647;
			files = (
				13DB29F21E76367600B5B786 /* Result.swift in Sources */,
				13DB2A051E76367600B5B786 /* ArticleTableViewCell.swift in Sources */,
				13DB29DC1E76367600B5B786 /* KYEmbedDrawerControllerSegue.swift in Sources */,
				13DB29F71E76367600B5B786 /* DatabaseSupport.swift in Sources */,
				13DB29DE1E76367600B5B786 /* GeneralViewController.swift in Sources */,
				13DB29E91E76367600B5B786 /* Article.swift in Sources */,
				13DB29E81E76367600B5B786 /* ScheduleViewController.swift in Sources */,
				13DB29FD1E76367600B5B786 /* Utility.swift in Sources */,
				13DB2A0B1E76367600B5B786 /* CountView.swift in Sources */,
				13DB29E31E76367600B5B786 /* VideoViewController.swift in Sources */,
				13DB2A081E76367600B5B786 /* TextFieldTableViewCell.swift in Sources */,
				13DB29F01E76367600B5B786 /* HTTPProtocol.swift in Sources */,
				13DB29E71E76367600B5B786 /* ResultViewController.swift in Sources */,
				13DB29DB1E76367600B5B786 /* KYDrawerController.swift in Sources */,
				13DB29F61E76367600B5B786 /* Constants.swift in Sources */,
				13DB29EF1E76367600B5B786 /* HTTPManager.swift in Sources */,
				13DB29DD1E76367600B5B786 /* KYEmbedMainControllerSegue.swift in Sources */,
				13DB2A071E76367600B5B786 /* SeparatorTableViewCell.swift in Sources */,
				13DB2A111E76367600B5B786 /* FUISegmentedControl.m in Sources */,
				13DB29EA1E76367600B5B786 /* RealmArticle.swift in Sources */,
				13DB29FA1E76367600B5B786 /* Image.swift in Sources */,
				13DB29ED1E76367600B5B786 /* HTTPGetArticle.swift in Sources */,
				13DB29F91E76367600B5B786 /* HUD.swift in Sources */,
				13DB29EC1E76367600B5B786 /* Team.swift in Sources */,
				13DB2A0D1E76367600B5B786 /* HeaderResultTableView.swift in Sources */,
				13DB29E21E76367600B5B786 /* NewsViewController.swift in Sources */,
				13DB29F31E76367600B5B786 /* RxExtension.swift in Sources */,
				13DB29271E76350D00B5B786 /* ViewController.swift in Sources */,
				13DB29EE1E76367600B5B786 /* HTTPAPI.swift in Sources */,
				13DB29F11E76367600B5B786 /* Error.swift in Sources */,
				13DB2A141E76367600B5B786 /* UIImage+FlatUI.m in Sources */,
				13DB29FB1E76367600B5B786 /* LoggerSupport.swift in Sources */,
				13DB2A0A1E76367600B5B786 /* CircleView.swift in Sources */,
				13DB29DA1E76367600B5B786 /* DataManager.swift in Sources */,
				13DB2A0F1E76367600B5B786 /* SegmentedHeaderView.swift in Sources */,
				13DB29DF1E76367600B5B786 /* ComunityViewController.swift in Sources */,
				13DB29E11E76367600B5B786 /* ArticleViewController.swift in Sources */,
				13DB29FC1E76367600B5B786 /* ReachabilitySupport.swift in Sources */,
				13DB29EB1E76367600B5B786 /* Segmented.swift in Sources */,
				13DB2A131E76367600B5B786 /* UIColor+FlatUI.m in Sources */,
				13DB2A0E1E76367600B5B786 /* ProfileHeaderTableView.swift in Sources */,
				13DB2A101E76367600B5B786 /* FloatRatingView.swift in Sources */,
				13DB29F51E76367600B5B786 /* Color.swift in Sources */,
				13DB29E41E76367600B5B786 /* ProfileViewController+Delegate.swift in Sources */,
				13DB29251E76350D00B5B786 /* AppDelegate.swift in Sources */,
				13DB29F41E76367600B5B786 /* AppData.swift in Sources */,
				13DB29E61E76367600B5B786 /* ProfileViewController.swift in Sources */,
				13DB29E51E76367600B5B786 /* ProfileViewController+Setup.swift in Sources */,
				13DB29F81E76367600B5B786 /* Extensions.swift in Sources */,
				13DB2A061E76367600B5B786 /* ResultTableViewCell.swift in Sources */,
				13DB2A0C1E76367600B5B786 /* HeaderImageView.swift in Sources */,
				13DB2A121E76367600B5B786 /* SSASideMenu.swift in Sources */,
				13DB2A091E76367600B5B786 /* CircleImage.swift in Sources */,
				13DB29E01E76367600B5B786 /* ArticleDetailViewController.swift in Sources */,
			);
			runOnlyForDeploymentPostprocessing = 0;
		};
/* End PBXSourcesBuildPhase section */

/* Begin PBXVariantGroup section */
		13DB29281E76350D00B5B786 /* Main.storyboard */ = {
			isa = PBXVariantGroup;
			children = (
				13DB29291E76350D00B5B786 /* Base */,
			);
			name = Main.storyboard;
			path = ..;
			sourceTree = "<group>";
		};
		13DB292D1E76350D00B5B786 /* LaunchScreen.storyboard */ = {
			isa = PBXVariantGroup;
			children = (
				13DB292E1E76350D00B5B786 /* Base */,
			);
			name = LaunchScreen.storyboard;
			path = ..;
			sourceTree = "<group>";
		};
/* End PBXVariantGroup section */

/* Begin XCBuildConfiguration section */
		13DB29311E76350D00B5B786 /* Debug */ = {
			isa = XCBuildConfiguration;
			buildSettings = {
				ALWAYS_SEARCH_USER_PATHS = NO;
				CLANG_ANALYZER_NONNULL = YES;
				CLANG_CXX_LANGUAGE_STANDARD = "gnu++0x";
				CLANG_CXX_LIBRARY = "libc++";
				CLANG_ENABLE_MODULES = YES;
				CLANG_ENABLE_OBJC_ARC = YES;
				CLANG_WARN_BOOL_CONVERSION = YES;
				CLANG_WARN_CONSTANT_CONVERSION = YES;
				CLANG_WARN_DIRECT_OBJC_ISA_USAGE = YES_ERROR;
				CLANG_WARN_DOCUMENTATION_COMMENTS = YES;
				CLANG_WARN_EMPTY_BODY = YES;
				CLANG_WARN_ENUM_CONVERSION = YES;
				CLANG_WARN_INFINITE_RECURSION = YES;
				CLANG_WARN_INT_CONVERSION = YES;
				CLANG_WARN_OBJC_ROOT_CLASS = YES_ERROR;
				CLANG_WARN_SUSPICIOUS_MOVE = YES;
				CLANG_WARN_UNREACHABLE_CODE = YES;
				CLANG_WARN__DUPLICATE_METHOD_MATCH = YES;
				"CODE_SIGN_IDENTITY[sdk=iphoneos*]" = "iPhone Developer";
				COPY_PHASE_STRIP = NO;
				DEBUG_INFORMATION_FORMAT = dwarf;
				ENABLE_STRICT_OBJC_MSGSEND = YES;
				ENABLE_TESTABILITY = YES;
				GCC_C_LANGUAGE_STANDARD = gnu99;
				GCC_DYNAMIC_NO_PIC = NO;
				GCC_NO_COMMON_BLOCKS = YES;
				GCC_OPTIMIZATION_LEVEL = 0;
				GCC_PREPROCESSOR_DEFINITIONS = (
					"DEBUG=1",
					"$(inherited)",
				);
				GCC_WARN_64_TO_32_BIT_CONVERSION = YES;
				GCC_WARN_ABOUT_RETURN_TYPE = YES_ERROR;
				GCC_WARN_UNDECLARED_SELECTOR = YES;
				GCC_WARN_UNINITIALIZED_AUTOS = YES_AGGRESSIVE;
				GCC_WARN_UNUSED_FUNCTION = YES;
				GCC_WARN_UNUSED_VARIABLE = YES;
				IPHONEOS_DEPLOYMENT_TARGET = 10.2;
				MTL_ENABLE_DEBUG_INFO = YES;
				ONLY_ACTIVE_ARCH = YES;
				SDKROOT = iphoneos;
				SWIFT_ACTIVE_COMPILATION_CONDITIONS = DEBUG;
				SWIFT_OPTIMIZATION_LEVEL = "-Onone";
				TARGETED_DEVICE_FAMILY = "1,2";
			};
			name = Debug;
		};
		13DB29321E76350D00B5B786 /* Release */ = {
			isa = XCBuildConfiguration;
			buildSettings = {
				ALWAYS_SEARCH_USER_PATHS = NO;
				CLANG_ANALYZER_NONNULL = YES;
				CLANG_CXX_LANGUAGE_STANDARD = "gnu++0x";
				CLANG_CXX_LIBRARY = "libc++";
				CLANG_ENABLE_MODULES = YES;
				CLANG_ENABLE_OBJC_ARC = YES;
				CLANG_WARN_BOOL_CONVERSION = YES;
				CLANG_WARN_CONSTANT_CONVERSION = YES;
				CLANG_WARN_DIRECT_OBJC_ISA_USAGE = YES_ERROR;
				CLANG_WARN_DOCUMENTATION_COMMENTS = YES;
				CLANG_WARN_EMPTY_BODY = YES;
				CLANG_WARN_ENUM_CONVERSION = YES;
				CLANG_WARN_INFINITE_RECURSION = YES;
				CLANG_WARN_INT_CONVERSION = YES;
				CLANG_WARN_OBJC_ROOT_CLASS = YES_ERROR;
				CLANG_WARN_SUSPICIOUS_MOVE = YES;
				CLANG_WARN_UNREACHABLE_CODE = YES;
				CLANG_WARN__DUPLICATE_METHOD_MATCH = YES;
				"CODE_SIGN_IDENTITY[sdk=iphoneos*]" = "iPhone Developer";
				COPY_PHASE_STRIP = NO;
				DEBUG_INFORMATION_FORMAT = "dwarf-with-dsym";
				ENABLE_NS_ASSERTIONS = NO;
				ENABLE_STRICT_OBJC_MSGSEND = YES;
				GCC_C_LANGUAGE_STANDARD = gnu99;
				GCC_NO_COMMON_BLOCKS = YES;
				GCC_WARN_64_TO_32_BIT_CONVERSION = YES;
				GCC_WARN_ABOUT_RETURN_TYPE = YES_ERROR;
				GCC_WARN_UNDECLARED_SELECTOR = YES;
				GCC_WARN_UNINITIALIZED_AUTOS = YES_AGGRESSIVE;
				GCC_WARN_UNUSED_FUNCTION = YES;
				GCC_WARN_UNUSED_VARIABLE = YES;
				IPHONEOS_DEPLOYMENT_TARGET = 10.2;
				MTL_ENABLE_DEBUG_INFO = NO;
				SDKROOT = iphoneos;
				SWIFT_OPTIMIZATION_LEVEL = "-Owholemodule";
				TARGETED_DEVICE_FAMILY = "1,2";
				VALIDATE_PRODUCT = YES;
			};
			name = Release;
		};
		13DB29341E76350D00B5B786 /* Debug */ = {
			isa = XCBuildConfiguration;
			buildSettings = {
				ASSETCATALOG_COMPILER_APPICON_NAME = AppIcon;
				CLANG_ENABLE_MODULES = YES;
				DEVELOPMENT_TEAM = AQ4F7PFFSM;
				FRAMEWORK_SEARCH_PATHS = (
					"$(inherited)",
					"$(PROJECT_DIR)/ManUtd/Libraries",
				);
				INFOPLIST_FILE = ManUtd/Info.plist;
				LD_RUNPATH_SEARCH_PATHS = "$(inherited) @executable_path/Frameworks";
				PRODUCT_BUNDLE_IDENTIFIER = com.binhanh.ManUtd;
				PRODUCT_NAME = "$(TARGET_NAME)";
				SWIFT_OBJC_BRIDGING_HEADER = "ManUtd/ManUtd-Bridging-Header.h";
				SWIFT_OPTIMIZATION_LEVEL = "-Onone";
				SWIFT_VERSION = 3.0;
				TARGETED_DEVICE_FAMILY = 1;
			};
			name = Debug;
		};
		13DB29351E76350D00B5B786 /* Release */ = {
			isa = XCBuildConfiguration;
			buildSettings = {
				ASSETCATALOG_COMPILER_APPICON_NAME = AppIcon;
				CLANG_ENABLE_MODULES = YES;
				DEVELOPMENT_TEAM = AQ4F7PFFSM;
				FRAMEWORK_SEARCH_PATHS = (
					"$(inherited)",
					"$(PROJECT_DIR)/ManUtd/Libraries",
				);
				INFOPLIST_FILE = ManUtd/Info.plist;
				LD_RUNPATH_SEARCH_PATHS = "$(inherited) @executable_path/Frameworks";
				PRODUCT_BUNDLE_IDENTIFIER = com.binhanh.ManUtd;
				PRODUCT_NAME = "$(TARGET_NAME)";
				SWIFT_OBJC_BRIDGING_HEADER = "ManUtd/ManUtd-Bridging-Header.h";
				SWIFT_VERSION = 3.0;
				TARGETED_DEVICE_FAMILY = 1;
			};
			name = Release;
		};
/* End XCBuildConfiguration section */

/* Begin XCConfigurationList section */
		13DB291C1E76350D00B5B786 /* Build configuration list for PBXProject "ManUtd" */ = {
			isa = XCConfigurationList;
			buildConfigurations = (
				13DB29311E76350D00B5B786 /* Debug */,
				13DB29321E76350D00B5B786 /* Release */,
			);
			defaultConfigurationIsVisible = 0;
			defaultConfigurationName = Release;
		};
		13DB29331E76350D00B5B786 /* Build configuration list for PBXNativeTarget "ManUtd" */ = {
			isa = XCConfigurationList;
			buildConfigurations = (
				13DB29341E76350D00B5B786 /* Debug */,
				13DB29351E76350D00B5B786 /* Release */,
			);
			defaultConfigurationIsVisible = 0;
		};
/* End XCConfigurationList section */
	};
	rootObject = 13DB29191E76350D00B5B786 /* Project object */;
}
