// !$*UTF8*$!
{
	archiveVersion = 1;
	classes = {
	};
	objectVersion = 46;
	objects = {

/* Begin PBXBuildFile section */
		13129F4D1E6403B200D2B82E /* AppDelegate.swift in Sources */ = {isa = PBXBuildFile; fileRef = 13129F4C1E6403B200D2B82E /* AppDelegate.swift */; };
		13129F4F1E6403B200D2B82E /* ViewController.swift in Sources */ = {isa = PBXBuildFile; fileRef = 13129F4E1E6403B200D2B82E /* ViewController.swift */; };
		13129F521E6403B200D2B82E /* Main.storyboard in Resources */ = {isa = PBXBuildFile; fileRef = 13129F501E6403B200D2B82E /* Main.storyboard */; };
		13129F541E6403B200D2B82E /* Assets.xcassets in Resources */ = {isa = PBXBuildFile; fileRef = 13129F531E6403B200D2B82E /* Assets.xcassets */; };
		13129F571E6403B200D2B82E /* LaunchScreen.storyboard in Resources */ = {isa = PBXBuildFile; fileRef = 13129F551E6403B200D2B82E /* LaunchScreen.storyboard */; };
		13129F601E6403E000D2B82E /* DragDropViewController.swift in Sources */ = {isa = PBXBuildFile; fileRef = 13129F5E1E6403E000D2B82E /* DragDropViewController.swift */; };
		13129F611E6403E000D2B82E /* DragDropViewController.xib in Resources */ = {isa = PBXBuildFile; fileRef = 13129F5F1E6403E000D2B82E /* DragDropViewController.xib */; };
		13129F691E64300000D2B82E /* HeartView.swift in Sources */ = {isa = PBXBuildFile; fileRef = 13129F681E64300000D2B82E /* HeartView.swift */; };
		13E55B941E6506C10017DEC2 /* HeartBeatViewController.swift in Sources */ = {isa = PBXBuildFile; fileRef = 13E55B931E6506C10017DEC2 /* HeartBeatViewController.swift */; };
		13E55BBF1E657C0F0017DEC2 /* MXParallaxHeader.framework in Frameworks */ = {isa = PBXBuildFile; fileRef = 13E55BBE1E657C0F0017DEC2 /* MXParallaxHeader.framework */; };
		13E55BC01E657C0F0017DEC2 /* MXParallaxHeader.framework in Embed Frameworks */ = {isa = PBXBuildFile; fileRef = 13E55BBE1E657C0F0017DEC2 /* MXParallaxHeader.framework */; settings = {ATTRIBUTES = (CodeSignOnCopy, RemoveHeadersOnCopy, ); }; };
/* End PBXBuildFile section */

/* Begin PBXCopyFilesBuildPhase section */
		13E55B9B1E6507170017DEC2 /* Embed Frameworks */ = {
			isa = PBXCopyFilesBuildPhase;
			buildActionMask = 2147483647;
			dstPath = "";
			dstSubfolderSpec = 10;
			files = (
				13E55BC01E657C0F0017DEC2 /* MXParallaxHeader.framework in Embed Frameworks */,
			);
			name = "Embed Frameworks";
			runOnlyForDeploymentPostprocessing = 0;
		};
/* End PBXCopyFilesBuildPhase section */

/* Begin PBXFileReference section */
		13129F491E6403B200D2B82E /* HeartBeatAnimation.app */ = {isa = PBXFileReference; explicitFileType = wrapper.application; includeInIndex = 0; path = HeartBeatAnimation.app; sourceTree = BUILT_PRODUCTS_DIR; };
		13129F4C1E6403B200D2B82E /* AppDelegate.swift */ = {isa = PBXFileReference; lastKnownFileType = sourcecode.swift; path = AppDelegate.swift; sourceTree = "<group>"; };
		13129F4E1E6403B200D2B82E /* ViewController.swift */ = {isa = PBXFileReference; lastKnownFileType = sourcecode.swift; path = ViewController.swift; sourceTree = "<group>"; };
		13129F511E6403B200D2B82E /* Base */ = {isa = PBXFileReference; lastKnownFileType = file.storyboard; name = Base; path = Base.lproj/Main.storyboard; sourceTree = "<group>"; };
		13129F531E6403B200D2B82E /* Assets.xcassets */ = {isa = PBXFileReference; lastKnownFileType = folder.assetcatalog; path = Assets.xcassets; sourceTree = "<group>"; };
		13129F561E6403B200D2B82E /* Base */ = {isa = PBXFileReference; lastKnownFileType = file.storyboard; name = Base; path = Base.lproj/LaunchScreen.storyboard; sourceTree = "<group>"; };
		13129F581E6403B200D2B82E /* Info.plist */ = {isa = PBXFileReference; lastKnownFileType = text.plist.xml; path = Info.plist; sourceTree = "<group>"; };
		13129F5E1E6403E000D2B82E /* DragDropViewController.swift */ = {isa = PBXFileReference; fileEncoding = 4; lastKnownFileType = sourcecode.swift; path = DragDropViewController.swift; sourceTree = "<group>"; };
		13129F5F1E6403E000D2B82E /* DragDropViewController.xib */ = {isa = PBXFileReference; fileEncoding = 4; lastKnownFileType = file.xib; path = DragDropViewController.xib; sourceTree = "<group>"; };
		13129F681E64300000D2B82E /* HeartView.swift */ = {isa = PBXFileReference; fileEncoding = 4; lastKnownFileType = sourcecode.swift; path = HeartView.swift; sourceTree = "<group>"; };
		13E55B931E6506C10017DEC2 /* HeartBeatViewController.swift */ = {isa = PBXFileReference; fileEncoding = 4; lastKnownFileType = sourcecode.swift; path = HeartBeatViewController.swift; sourceTree = "<group>"; };
		13E55BBA1E657B7D0017DEC2 /* HeartBeatAnimation-Bridging-Header.h */ = {isa = PBXFileReference; lastKnownFileType = sourcecode.c.h; path = "HeartBeatAnimation-Bridging-Header.h"; sourceTree = "<group>"; };
		13E55BBE1E657C0F0017DEC2 /* MXParallaxHeader.framework */ = {isa = PBXFileReference; lastKnownFileType = wrapper.framework; name = MXParallaxHeader.framework; path = HeartBeatAnimation/Libraries/MXParallaxHeader.framework; sourceTree = "<group>"; };
/* End PBXFileReference section */

/* Begin PBXFrameworksBuildPhase section */
		13129F461E6403B200D2B82E /* Frameworks */ = {
			isa = PBXFrameworksBuildPhase;
			buildActionMask = 2147483647;
			files = (
				13E55BBF1E657C0F0017DEC2 /* MXParallaxHeader.framework in Frameworks */,
			);
			runOnlyForDeploymentPostprocessing = 0;
		};
/* End PBXFrameworksBuildPhase section */

/* Begin PBXGroup section */
		13129F401E6403B200D2B82E = {
			isa = PBXGroup;
			children = (
				13129F4B1E6403B200D2B82E /* HeartBeatAnimation */,
				13E55BBD1E657BA30017DEC2 /* Libraries */,
				13129F4A1E6403B200D2B82E /* Products */,
			);
			sourceTree = "<group>";
		};
		13129F4A1E6403B200D2B82E /* Products */ = {
			isa = PBXGroup;
			children = (
				13129F491E6403B200D2B82E /* HeartBeatAnimation.app */,
			);
			name = Products;
			sourceTree = "<group>";
		};
		13129F4B1E6403B200D2B82E /* HeartBeatAnimation */ = {
			isa = PBXGroup;
			children = (
				13129F4C1E6403B200D2B82E /* AppDelegate.swift */,
				13129F4E1E6403B200D2B82E /* ViewController.swift */,
				13129F681E64300000D2B82E /* HeartView.swift */,
				13E55B931E6506C10017DEC2 /* HeartBeatViewController.swift */,
				13129F5E1E6403E000D2B82E /* DragDropViewController.swift */,
				13129F5F1E6403E000D2B82E /* DragDropViewController.xib */,
				13129F501E6403B200D2B82E /* Main.storyboard */,
				13129F531E6403B200D2B82E /* Assets.xcassets */,
				13129F551E6403B200D2B82E /* LaunchScreen.storyboard */,
				13129F581E6403B200D2B82E /* Info.plist */,
				13E55BBA1E657B7D0017DEC2 /* HeartBeatAnimation-Bridging-Header.h */,
			);
			path = HeartBeatAnimation;
			sourceTree = "<group>";
		};
		13E55BBD1E657BA30017DEC2 /* Libraries */ = {
			isa = PBXGroup;
			children = (
				13E55BBE1E657C0F0017DEC2 /* MXParallaxHeader.framework */,
			);
			name = Libraries;
			sourceTree = "<group>";
		};
/* End PBXGroup section */

/* Begin PBXNativeTarget section */
		13129F481E6403B200D2B82E /* HeartBeatAnimation */ = {
			isa = PBXNativeTarget;
			buildConfigurationList = 13129F5B1E6403B200D2B82E /* Build configuration list for PBXNativeTarget "HeartBeatAnimation" */;
			buildPhases = (
				13129F451E6403B200D2B82E /* Sources */,
				13129F461E6403B200D2B82E /* Frameworks */,
				13129F471E6403B200D2B82E /* Resources */,
				13E55B9B1E6507170017DEC2 /* Embed Frameworks */,
			);
			buildRules = (
			);
			dependencies = (
			);
			name = HeartBeatAnimation;
			productName = HeartBeatAnimation;
			productReference = 13129F491E6403B200D2B82E /* HeartBeatAnimation.app */;
			productType = "com.apple.product-type.application";
		};
/* End PBXNativeTarget section */

/* Begin PBXProject section */
		13129F411E6403B200D2B82E /* Project object */ = {
			isa = PBXProject;
			attributes = {
				LastSwiftUpdateCheck = 0820;
				LastUpgradeCheck = 0820;
				ORGANIZATIONNAME = "Thành Lã";
				TargetAttributes = {
					13129F481E6403B200D2B82E = {
						CreatedOnToolsVersion = 8.2.1;
						DevelopmentTeam = N5QD3D9LY3;
						LastSwiftMigration = 0820;
						ProvisioningStyle = Automatic;
					};
				};
			};
			buildConfigurationList = 13129F441E6403B200D2B82E /* Build configuration list for PBXProject "HeartBeatAnimation" */;
			compatibilityVersion = "Xcode 3.2";
			developmentRegion = English;
			hasScannedForEncodings = 0;
			knownRegions = (
				en,
				Base,
			);
			mainGroup = 13129F401E6403B200D2B82E;
			productRefGroup = 13129F4A1E6403B200D2B82E /* Products */;
			projectDirPath = "";
			projectRoot = "";
			targets = (
				13129F481E6403B200D2B82E /* HeartBeatAnimation */,
			);
		};
/* End PBXProject section */

/* Begin PBXResourcesBuildPhase section */
		13129F471E6403B200D2B82E /* Resources */ = {
			isa = PBXResourcesBuildPhase;
			buildActionMask = 2147483647;
			files = (
				13129F571E6403B200D2B82E /* LaunchScreen.storyboard in Resources */,
				13129F541E6403B200D2B82E /* Assets.xcassets in Resources */,
				13129F611E6403E000D2B82E /* DragDropViewController.xib in Resources */,
				13129F521E6403B200D2B82E /* Main.storyboard in Resources */,
			);
			runOnlyForDeploymentPostprocessing = 0;
		};
/* End PBXResourcesBuildPhase section */

/* Begin PBXSourcesBuildPhase section */
		13129F451E6403B200D2B82E /* Sources */ = {
			isa = PBXSourcesBuildPhase;
			buildActionMask = 2147483647;
			files = (
				13129F4F1E6403B200D2B82E /* ViewController.swift in Sources */,
				13129F691E64300000D2B82E /* HeartView.swift in Sources */,
				13E55B941E6506C10017DEC2 /* HeartBeatViewController.swift in Sources */,
				13129F4D1E6403B200D2B82E /* AppDelegate.swift in Sources */,
				13129F601E6403E000D2B82E /* DragDropViewController.swift in Sources */,
			);
			runOnlyForDeploymentPostprocessing = 0;
		};
/* End PBXSourcesBuildPhase section */

/* Begin PBXVariantGroup section */
		13129F501E6403B200D2B82E /* Main.storyboard */ = {
			isa = PBXVariantGroup;
			children = (
				13129F511E6403B200D2B82E /* Base */,
			);
			name = Main.storyboard;
			sourceTree = "<group>";
		};
		13129F551E6403B200D2B82E /* LaunchScreen.storyboard */ = {
			isa = PBXVariantGroup;
			children = (
				13129F561E6403B200D2B82E /* Base */,
			);
			name = LaunchScreen.storyboard;
			sourceTree = "<group>";
		};
/* End PBXVariantGroup section */

/* Begin XCBuildConfiguration section */
		13129F591E6403B200D2B82E /* Debug */ = {
			isa = XCBuildConfiguration;
			buildSettings = {
				ALWAYS_SEARCH_USER_PATHS = NO;
				CLANG_ANALYZER_NONNULL = YES;
				CLANG_CXX_LANGUAGE_STANDARD = "gnu++0x";
				CLANG_CXX_LIBRARY = "libc++";
				CLANG_ENABLE_MODULES = YES;
				CLANG_ENABLE_OBJC_ARC = YES;
				CLANG_WARN_BOOL_CONVERSION = YES;
				CLANG_WARN_CONSTANT_CONVERSION = YES;
				CLANG_WARN_DIRECT_OBJC_ISA_USAGE = YES_ERROR;
				CLANG_WARN_DOCUMENTATION_COMMENTS = YES;
				CLANG_WARN_EMPTY_BODY = YES;
				CLANG_WARN_ENUM_CONVERSION = YES;
				CLANG_WARN_INFINITE_RECURSION = YES;
				CLANG_WARN_INT_CONVERSION = YES;
				CLANG_WARN_OBJC_ROOT_CLASS = YES_ERROR;
				CLANG_WARN_SUSPICIOUS_MOVE = YES;
				CLANG_WARN_UNREACHABLE_CODE = YES;
				CLANG_WARN__DUPLICATE_METHOD_MATCH = YES;
				"CODE_SIGN_IDENTITY[sdk=iphoneos*]" = "iPhone Developer";
				COPY_PHASE_STRIP = NO;
				DEBUG_INFORMATION_FORMAT = dwarf;
				ENABLE_STRICT_OBJC_MSGSEND = YES;
				ENABLE_TESTABILITY = YES;
				GCC_C_LANGUAGE_STANDARD = gnu99;
				GCC_DYNAMIC_NO_PIC = NO;
				GCC_NO_COMMON_BLOCKS = YES;
				GCC_OPTIMIZATION_LEVEL = 0;
				GCC_PREPROCESSOR_DEFINITIONS = (
					"DEBUG=1",
					"$(inherited)",
				);
				GCC_WARN_64_TO_32_BIT_CONVERSION = YES;
				GCC_WARN_ABOUT_RETURN_TYPE = YES_ERROR;
				GCC_WARN_UNDECLARED_SELECTOR = YES;
				GCC_WARN_UNINITIALIZED_AUTOS = YES_AGGRESSIVE;
				GCC_WARN_UNUSED_FUNCTION = YES;
				GCC_WARN_UNUSED_VARIABLE = YES;
				IPHONEOS_DEPLOYMENT_TARGET = 10.2;
				MTL_ENABLE_DEBUG_INFO = YES;
				ONLY_ACTIVE_ARCH = YES;
				SDKROOT = iphoneos;
				SWIFT_ACTIVE_COMPILATION_CONDITIONS = DEBUG;
				SWIFT_OPTIMIZATION_LEVEL = "-Onone";
				TARGETED_DEVICE_FAMILY = "1,2";
			};
			name = Debug;
		};
		13129F5A1E6403B200D2B82E /* Release */ = {
			isa = XCBuildConfiguration;
			buildSettings = {
				ALWAYS_SEARCH_USER_PATHS = NO;
				CLANG_ANALYZER_NONNULL = YES;
				CLANG_CXX_LANGUAGE_STANDARD = "gnu++0x";
				CLANG_CXX_LIBRARY = "libc++";
				CLANG_ENABLE_MODULES = YES;
				CLANG_ENABLE_OBJC_ARC = YES;
				CLANG_WARN_BOOL_CONVERSION = YES;
				CLANG_WARN_CONSTANT_CONVERSION = YES;
				CLANG_WARN_DIRECT_OBJC_ISA_USAGE = YES_ERROR;
				CLANG_WARN_DOCUMENTATION_COMMENTS = YES;
				CLANG_WARN_EMPTY_BODY = YES;
				CLANG_WARN_ENUM_CONVERSION = YES;
				CLANG_WARN_INFINITE_RECURSION = YES;
				CLANG_WARN_INT_CONVERSION = YES;
				CLANG_WARN_OBJC_ROOT_CLASS = YES_ERROR;
				CLANG_WARN_SUSPICIOUS_MOVE = YES;
				CLANG_WARN_UNREACHABLE_CODE = YES;
				CLANG_WARN__DUPLICATE_METHOD_MATCH = YES;
				"CODE_SIGN_IDENTITY[sdk=iphoneos*]" = "iPhone Developer";
				COPY_PHASE_STRIP = NO;
				DEBUG_INFORMATION_FORMAT = "dwarf-with-dsym";
				ENABLE_NS_ASSERTIONS = NO;
				ENABLE_STRICT_OBJC_MSGSEND = YES;
				GCC_C_LANGUAGE_STANDARD = gnu99;
				GCC_NO_COMMON_BLOCKS = YES;
				GCC_WARN_64_TO_32_BIT_CONVERSION = YES;
				GCC_WARN_ABOUT_RETURN_TYPE = YES_ERROR;
				GCC_WARN_UNDECLARED_SELECTOR = YES;
				GCC_WARN_UNINITIALIZED_AUTOS = YES_AGGRESSIVE;
				GCC_WARN_UNUSED_FUNCTION = YES;
				GCC_WARN_UNUSED_VARIABLE = YES;
				IPHONEOS_DEPLOYMENT_TARGET = 10.2;
				MTL_ENABLE_DEBUG_INFO = NO;
				SDKROOT = iphoneos;
				SWIFT_OPTIMIZATION_LEVEL = "-Owholemodule";
				TARGETED_DEVICE_FAMILY = "1,2";
				VALIDATE_PRODUCT = YES;
			};
			name = Release;
		};
		13129F5C1E6403B200D2B82E /* Debug */ = {
			isa = XCBuildConfiguration;
			buildSettings = {
				ASSETCATALOG_COMPILER_APPICON_NAME = AppIcon;
				CLANG_ENABLE_MODULES = YES;
				DEVELOPMENT_TEAM = N5QD3D9LY3;
				FRAMEWORK_SEARCH_PATHS = (
					"$(inherited)",
					"$(PROJECT_DIR)/HeartBeatAnimation/Libs",
					"$(PROJECT_DIR)/HeartBeatAnimation/MXParallaxHeader",
					"$(PROJECT_DIR)/HeartBeatAnimation/Libraries",
				);
				INFOPLIST_FILE = HeartBeatAnimation/Info.plist;
				IPHONEOS_DEPLOYMENT_TARGET = 9.0;
				LD_RUNPATH_SEARCH_PATHS = "$(inherited) @executable_path/Frameworks";
				PRODUCT_BUNDLE_IDENTIFIER = com.miliket.HeartBeatAnimation;
				PRODUCT_NAME = "$(TARGET_NAME)";
				SWIFT_OBJC_BRIDGING_HEADER = "HeartBeatAnimation/HeartBeatAnimation-Bridging-Header.h";
				SWIFT_OPTIMIZATION_LEVEL = "-Onone";
				SWIFT_VERSION = 3.0;
			};
			name = Debug;
		};
		13129F5D1E6403B200D2B82E /* Release */ = {
			isa = XCBuildConfiguration;
			buildSettings = {
				ASSETCATALOG_COMPILER_APPICON_NAME = AppIcon;
				CLANG_ENABLE_MODULES = YES;
				DEVELOPMENT_TEAM = N5QD3D9LY3;
				FRAMEWORK_SEARCH_PATHS = (
					"$(inherited)",
					"$(PROJECT_DIR)/HeartBeatAnimation/Libs",
					"$(PROJECT_DIR)/HeartBeatAnimation/MXParallaxHeader",
					"$(PROJECT_DIR)/HeartBeatAnimation/Libraries",
				);
				INFOPLIST_FILE = HeartBeatAnimation/Info.plist;
				IPHONEOS_DEPLOYMENT_TARGET = 9.0;
				LD_RUNPATH_SEARCH_PATHS = "$(inherited) @executable_path/Frameworks";
				PRODUCT_BUNDLE_IDENTIFIER = com.miliket.HeartBeatAnimation;
				PRODUCT_NAME = "$(TARGET_NAME)";
				SWIFT_OBJC_BRIDGING_HEADER = "HeartBeatAnimation/HeartBeatAnimation-Bridging-Header.h";
				SWIFT_VERSION = 3.0;
			};
			name = Release;
		};
/* End XCBuildConfiguration section */

/* Begin XCConfigurationList section */
		13129F441E6403B200D2B82E /* Build configuration list for PBXProject "HeartBeatAnimation" */ = {
			isa = XCConfigurationList;
			buildConfigurations = (
				13129F591E6403B200D2B82E /* Debug */,
				13129F5A1E6403B200D2B82E /* Release */,
			);
			defaultConfigurationIsVisible = 0;
			defaultConfigurationName = Release;
		};
		13129F5B1E6403B200D2B82E /* Build configuration list for PBXNativeTarget "HeartBeatAnimation" */ = {
			isa = XCConfigurationList;
			buildConfigurations = (
				13129F5C1E6403B200D2B82E /* Debug */,
				13129F5D1E6403B200D2B82E /* Release */,
			);
			defaultConfigurationIsVisible = 0;
			defaultConfigurationName = Release;
		};
/* End XCConfigurationList section */
	};
	rootObject = 13129F411E6403B200D2B82E /* Project object */;
}
